# This file is generated by running "yarn install" inside your project.
# Manual changes might be lost - proceed with caution!

__metadata:
  version: 8
  cacheKey: 10c0

"@alcalzone/ansi-tokenize@npm:^0.1.3":
  version: 0.1.3
  resolution: "@alcalzone/ansi-tokenize@npm:0.1.3"
  dependencies:
    ansi-styles: "npm:^6.2.1"
    is-fullwidth-code-point: "npm:^4.0.0"
  checksum: b88c5708271bb64ce132fc80dac8d5b87fc1699bf3abfdf10ecae40dbb56ab82460818f5746ecdd9870a00be9854e039d5cb3a121b808d0ff6f5bc7d0146cb38
  languageName: node
  linkType: hard

"@cspotcode/source-map-support@npm:^0.8.0":
  version: 0.8.1
  resolution: "@cspotcode/source-map-support@npm:0.8.1"
  dependencies:
    "@jridgewell/trace-mapping": "npm:0.3.9"
  checksum: 05c5368c13b662ee4c122c7bfbe5dc0b613416672a829f3e78bc49a357a197e0218d6e74e7c66cfcd04e15a179acab080bd3c69658c9fbefd0e1ccd950a07fc6
  languageName: node
  linkType: hard

"@jridgewell/resolve-uri@npm:^3.0.3":
  version: 3.1.1
  resolution: "@jridgewell/resolve-uri@npm:3.1.1"
  checksum: 0dbc9e29bc640bbbdc5b9876d2859c69042bfcf1423c1e6421bcca53e826660bff4e41c7d4bcb8dbea696404231a6f902f76ba41835d049e20f2dd6cffb713bf
  languageName: node
  linkType: hard

"@jridgewell/sourcemap-codec@npm:^1.4.10":
  version: 1.4.15
  resolution: "@jridgewell/sourcemap-codec@npm:1.4.15"
  checksum: 0c6b5ae663087558039052a626d2d7ed5208da36cfd707dcc5cea4a07cfc918248403dcb5989a8f7afaf245ce0573b7cc6fd94c4a30453bd10e44d9363940ba5
  languageName: node
  linkType: hard

"@jridgewell/trace-mapping@npm:0.3.9":
  version: 0.3.9
  resolution: "@jridgewell/trace-mapping@npm:0.3.9"
  dependencies:
    "@jridgewell/resolve-uri": "npm:^3.0.3"
    "@jridgewell/sourcemap-codec": "npm:^1.4.10"
  checksum: fa425b606d7c7ee5bfa6a31a7b050dd5814b4082f318e0e4190f991902181b4330f43f4805db1dd4f2433fd0ed9cc7a7b9c2683f1deeab1df1b0a98b1e24055b
  languageName: node
  linkType: hard

"@tsconfig/node10@npm:^1.0.7":
  version: 1.0.9
  resolution: "@tsconfig/node10@npm:1.0.9"
  checksum: c176a2c1e1b16be120c328300ea910df15fb9a5277010116d26818272341a11483c5a80059389d04edacf6fd2d03d4687ad3660870fdd1cc0b7109e160adb220
  languageName: node
  linkType: hard

"@tsconfig/node12@npm:^1.0.7":
  version: 1.0.11
  resolution: "@tsconfig/node12@npm:1.0.11"
  checksum: dddca2b553e2bee1308a056705103fc8304e42bb2d2cbd797b84403a223b25c78f2c683ec3e24a095e82cd435387c877239bffcb15a590ba817cd3f6b9a99fd9
  languageName: node
  linkType: hard

"@tsconfig/node14@npm:^1.0.0":
  version: 1.0.3
  resolution: "@tsconfig/node14@npm:1.0.3"
  checksum: 67c1316d065fdaa32525bc9449ff82c197c4c19092b9663b23213c8cbbf8d88b6ed6a17898e0cbc2711950fbfaf40388938c1c748a2ee89f7234fc9e7fe2bf44
  languageName: node
  linkType: hard

"@tsconfig/node16@npm:^1.0.2":
  version: 1.0.4
  resolution: "@tsconfig/node16@npm:1.0.4"
  checksum: 05f8f2734e266fb1839eb1d57290df1664fe2aa3b0fdd685a9035806daa635f7519bf6d5d9b33f6e69dd545b8c46bd6e2b5c79acb2b1f146e885f7f11a42a5bb
  languageName: node
  linkType: hard

"@types/has-ansi@npm:^3.0.0":
  version: 3.0.0
  resolution: "@types/has-ansi@npm:3.0.0"
  checksum: a7ae738a604620ab880c291ccb8d650c2e6650c59537dc1731a88ed43d09c185874baaddaad12e28682e7aa0e899489f7e79d6d8248d4294f2b9fb1d056f260a
  languageName: node
  linkType: hard

"@types/lodash.isequal@npm:^4.5.5":
  version: 4.5.5
  resolution: "@types/lodash.isequal@npm:4.5.5"
  dependencies:
    "@types/lodash": "npm:*"
  checksum: d96129dbc3ffd8da6a9aa754978c013f96decccae77c8b5ee3e7d6deb26c92c102b08ab06577cbf5de30e5871c2d4ce99644093ec525585e91a0920dafe0c1c2
  languageName: node
  linkType: hard

"@types/lodash@npm:*":
  version: 4.14.168
  resolution: "@types/lodash@npm:4.14.168"
  checksum: fa5b4d9cd8ebc4b0ae3f235e1eade891385fefbd977985387d3a90c4e6384e35a741d1193c4a1587ae9c5a1993da74dc6a58c22aaea8e00f94be6cd831671aaf
  languageName: node
  linkType: hard

"@types/node@npm:^14.14.31":
  version: 14.14.31
  resolution: "@types/node@npm:14.14.31"
  checksum: 9ba9faaa4e88fe84296bb7c81d78ab8ddca4ba6b309307ea7a23eb0c50767a886505d73eaf7de83725ad9c051b7831ff61c5537841d29e69f63c095c80ecc945
  languageName: node
  linkType: hard

"@types/prop-types@npm:*":
  version: 15.7.3
  resolution: "@types/prop-types@npm:15.7.3"
  checksum: 511aac811bfdba9dd1c463d6e502d852bb2196048cf861fbf48a97d883dd32c1c44ad2127a18dbb49733d9ad0aafd445d673eb50d5547ca843106835f67b5877
  languageName: node
  linkType: hard

"@types/react@npm:^17.0.2":
  version: 17.0.2
  resolution: "@types/react@npm:17.0.2"
  dependencies:
    "@types/prop-types": "npm:*"
    csstype: "npm:^3.0.2"
  checksum: 6b48673db526015c45a0dc036394cdc7d5fd48388b3f05f8f433e74c08fb4c80e5acfc66baa2c7cc8a091d0d8524bcb00397bc7c6286fcefad4bf4cef959d764
  languageName: node
  linkType: hard

"acorn-walk@npm:^8.1.1":
  version: 8.3.0
  resolution: "acorn-walk@npm:8.3.0"
  checksum: 24346e595f507b6e704a60d35f3c5e1aa9891d4fb6a3fc3d856503ab718cc26cabb5e3e1ff0ff8da6ec03d60a8226ebdb602805a94f970e7f797ea3b8b09437f
  languageName: node
  linkType: hard

"acorn@npm:^8.4.1":
  version: 8.11.2
  resolution: "acorn@npm:8.11.2"
  bin:
    acorn: bin/acorn
  checksum: a3ed76c761b75ec54b1ec3068fb7f113a182e95aea7f322f65098c2958d232e3d211cb6dac35ff9c647024b63714bc528a26d54a925d1fef2c25585b4c8e4017
  languageName: node
  linkType: hard

"ansi-escapes@npm:^6.0.0":
  version: 6.2.0
  resolution: "ansi-escapes@npm:6.2.0"
  dependencies:
    type-fest: "npm:^3.0.0"
  checksum: 3eec75deedd8b10192c5f98e4cd9715cc3ff268d33fc463c24b7d22446668bfcd4ad1803993ea89c0f51f88b5a3399572bacb7c8cb1a067fc86e189c5f3b0c7e
  languageName: node
  linkType: hard

"ansi-regex@npm:^3.0.0":
  version: 3.0.0
  resolution: "ansi-regex@npm:3.0.0"
  checksum: c6a2b226d009965decc65d330b953290039f0f2b31d200516a9a79b6010f5f8f9d6acbaa0917d925c578df0c0feaddcb56569aad05776f99e2918116d4233121
  languageName: node
  linkType: hard

"ansi-regex@npm:^6.0.1":
  version: 6.0.1
  resolution: "ansi-regex@npm:6.0.1"
  checksum: cbe16dbd2c6b2735d1df7976a7070dd277326434f0212f43abf6d87674095d247968209babdaad31bb00882fa68807256ba9be340eec2f1004de14ca75f52a08
  languageName: node
  linkType: hard

"ansi-styles@npm:^6.0.0, ansi-styles@npm:^6.1.0, ansi-styles@npm:^6.2.1":
  version: 6.2.1
  resolution: "ansi-styles@npm:6.2.1"
  checksum: 5d1ec38c123984bcedd996eac680d548f31828bd679a66db2bdf11844634dde55fec3efa9c6bb1d89056a5e79c1ac540c4c784d592ea1d25028a92227d2f2d5c
  languageName: node
  linkType: hard

"arg@npm:^4.1.0":
  version: 4.1.3
  resolution: "arg@npm:4.1.3"
  checksum: 070ff801a9d236a6caa647507bdcc7034530604844d64408149a26b9e87c2f97650055c0f049abd1efc024b334635c01f29e0b632b371ac3f26130f4cf65997a
  languageName: node
  linkType: hard

"arr-rotate@npm:^1.0.0":
  version: 1.0.0
  resolution: "arr-rotate@npm:1.0.0"
  checksum: f0fe35c373c10b9140e0ac4f8a8194904c7ec2bd7919c1cf713941af994450750afb66c8f001113023fcb4fcf5ff7591e88f6286bd4bcc500bc622f9d740d6e3
  languageName: node
  linkType: hard

"at-least-node@npm:^1.0.0":
  version: 1.0.0
  resolution: "at-least-node@npm:1.0.0"
  checksum: 4c058baf6df1bc5a1697cf182e2029c58cd99975288a13f9e70068ef5d6f4e1f1fd7c4d2c3c4912eae44797d1725be9700995736deca441b39f3e66d8dee97ef
  languageName: node
  linkType: hard

"auto-bind@npm:^5.0.1":
  version: 5.0.1
  resolution: "auto-bind@npm:5.0.1"
  checksum: a703375350ea7b6e92405d8e6bcc6dbfb84b0d7c7172b33e5788a7593929a18227999ff9aa9c32436741d06d021e6672457b1cec73287efe3fab95cff6627eaf
  languageName: node
  linkType: hard

"balanced-match@npm:^1.0.0":
  version: 1.0.0
  resolution: "balanced-match@npm:1.0.0"
  checksum: d45f1aeec59d87562cd65415e2890b9fd6ab7fa89941a46fb2eb505e2165158680ee1be7110586cf86f3a9599f1b88ec4a7fcf57594560ca37814a560ab95f41
  languageName: node
  linkType: hard

"brace-expansion@npm:^1.1.7":
  version: 1.1.11
  resolution: "brace-expansion@npm:1.1.11"
  dependencies:
    balanced-match: "npm:^1.0.0"
    concat-map: "npm:0.0.1"
  checksum: 695a56cd058096a7cb71fb09d9d6a7070113c7be516699ed361317aca2ec169f618e28b8af352e02ab4233fb54eb0168460a40dc320bab0034b36ab59aaad668
  languageName: node
  linkType: hard

"chalk@npm:^5.2.0":
  version: 5.3.0
  resolution: "chalk@npm:5.3.0"
  checksum: 8297d436b2c0f95801103ff2ef67268d362021b8210daf8ddbe349695333eb3610a71122172ff3b0272f1ef2cf7cc2c41fdaa4715f52e49ffe04c56340feed09
  languageName: node
  linkType: hard

"ci-info@npm:^3.2.0":
  version: 3.9.0
  resolution: "ci-info@npm:3.9.0"
  checksum: 6f0109e36e111684291d46123d491bc4e7b7a1934c3a20dea28cba89f1d4a03acd892f5f6a81ed3855c38647e285a150e3c9ba062e38943bef57fee6c1554c3a
  languageName: node
  linkType: hard

"cli-boxes@npm:^3.0.0":
  version: 3.0.0
  resolution: "cli-boxes@npm:3.0.0"
  checksum: 4db3e8fbfaf1aac4fb3a6cbe5a2d3fa048bee741a45371b906439b9ffc821c6e626b0f108bdcd3ddf126a4a319409aedcf39a0730573ff050fdd7b6731e99fb9
  languageName: node
  linkType: hard

"cli-cursor@npm:^4.0.0":
  version: 4.0.0
  resolution: "cli-cursor@npm:4.0.0"
  dependencies:
    restore-cursor: "npm:^4.0.0"
  checksum: e776e8c3c6727300d0539b0d25160b2bb56aed1a63942753ba1826b012f337a6f4b7ace3548402e4f2f13b5e16bfd751be672c44b203205e7eca8be94afec42c
  languageName: node
  linkType: hard

"cli-truncate@npm:^3.1.0":
  version: 3.1.0
  resolution: "cli-truncate@npm:3.1.0"
  dependencies:
    slice-ansi: "npm:^5.0.0"
    string-width: "npm:^5.0.0"
  checksum: a19088878409ec0e5dc2659a5166929629d93cfba6d68afc9cde2282fd4c751af5b555bf197047e31c87c574396348d011b7aa806fec29c4139ea4f7f00b324c
  languageName: node
  linkType: hard

"code-excerpt@npm:^4.0.0":
  version: 4.0.0
  resolution: "code-excerpt@npm:4.0.0"
  dependencies:
    convert-to-spaces: "npm:^2.0.1"
  checksum: b6c5a06e039cecd2ab6a0e10ee0831de8362107d1f298ca3558b5f9004cb8e0260b02dd6c07f57b9a0e346c76864d2873311ee1989809fdeb05bd5fbbadde773
  languageName: node
  linkType: hard

"colors@npm:^1.4.0":
  version: 1.4.0
  resolution: "colors@npm:1.4.0"
  checksum: 9af357c019da3c5a098a301cf64e3799d27549d8f185d86f79af23069e4f4303110d115da98483519331f6fb71c8568d5688fa1c6523600044fd4a54e97c4efb
  languageName: node
  linkType: hard

"concat-map@npm:0.0.1":
  version: 0.0.1
  resolution: "concat-map@npm:0.0.1"
  checksum: c996b1cfdf95b6c90fee4dae37e332c8b6eb7d106430c17d538034c0ad9a1630cb194d2ab37293b1bdd4d779494beee7786d586a50bd9376fd6f7bcc2bd4c98f
  languageName: node
  linkType: hard

"convert-to-spaces@npm:^2.0.1":
  version: 2.0.1
  resolution: "convert-to-spaces@npm:2.0.1"
  checksum: d90aa0e3b6a27f9d5265a8d32def3c5c855b3e823a9db1f26d772f8146d6b91020a2fdfd905ce8048a73fad3aaf836fef8188c67602c374405e2ae8396c4ac46
  languageName: node
  linkType: hard

"create-require@npm:^1.1.0":
  version: 1.1.1
  resolution: "create-require@npm:1.1.1"
  checksum: 157cbc59b2430ae9a90034a5f3a1b398b6738bf510f713edc4d4e45e169bc514d3d99dd34d8d01ca7ae7830b5b8b537e46ae8f3c8f932371b0875c0151d7ec91
  languageName: node
  linkType: hard

"csstype@npm:^3.0.2":
  version: 3.0.7
  resolution: "csstype@npm:3.0.7"
  checksum: 5dbf4731ef791cb7e95f89d47623d943e6ac7657d5d313e711018a6687625604043985ff78409b7d8c43eccd47c84e2dde0d86eefd70f80d2d6d9735523f19d9
  languageName: node
  linkType: hard

"diff@npm:^4.0.1":
  version: 4.0.2
  resolution: "diff@npm:4.0.2"
  checksum: 81b91f9d39c4eaca068eb0c1eb0e4afbdc5bb2941d197f513dd596b820b956fef43485876226d65d497bebc15666aa2aa82c679e84f65d5f2bfbf14ee46e32c1
  languageName: node
  linkType: hard

"eastasianwidth@npm:^0.2.0":
  version: 0.2.0
  resolution: "eastasianwidth@npm:0.2.0"
  checksum: 26f364ebcdb6395f95124fda411f63137a4bfb5d3a06453f7f23dfe52502905bd84e0488172e0f9ec295fdc45f05c23d5d91baf16bd26f0fe9acd777a188dc39
  languageName: node
  linkType: hard

"emoji-regex@npm:^9.2.2":
  version: 9.2.2
  resolution: "emoji-regex@npm:9.2.2"
  checksum: af014e759a72064cf66e6e694a7fc6b0ed3d8db680427b021a89727689671cefe9d04151b2cad51dbaf85d5ba790d061cd167f1cf32eb7b281f6368b3c181639
  languageName: node
  linkType: hard

"escape-string-regexp@npm:^1.0.5":
  version: 1.0.5
  resolution: "escape-string-regexp@npm:1.0.5"
  checksum: a968ad453dd0c2724e14a4f20e177aaf32bb384ab41b674a8454afe9a41c5e6fe8903323e0a1052f56289d04bd600f81278edf140b0fcc02f5cac98d0f5b5371
  languageName: node
  linkType: hard

"escape-string-regexp@npm:^2.0.0":
  version: 2.0.0
  resolution: "escape-string-regexp@npm:2.0.0"
  checksum: 2530479fe8db57eace5e8646c9c2a9c80fa279614986d16dcc6bcaceb63ae77f05a851ba6c43756d816c61d7f4534baf56e3c705e3e0d884818a46808811c507
  languageName: node
  linkType: hard

"escape-string-regexp@npm:^5.0.0":
  version: 5.0.0
  resolution: "escape-string-regexp@npm:5.0.0"
  checksum: 6366f474c6f37a802800a435232395e04e9885919873e382b157ab7e8f0feb8fed71497f84a6f6a81a49aab41815522f5839112bd38026d203aea0c91622df95
  languageName: node
  linkType: hard

"figures@npm:^2.0.0":
  version: 2.0.0
  resolution: "figures@npm:2.0.0"
  dependencies:
    escape-string-regexp: "npm:^1.0.5"
  checksum: 5dc5a75fec3e7e04ae65d6ce51d28b3e70d4656c51b06996b6fdb2cb5b542df512e3b3c04482f5193a964edddafa5521479ff948fa84e12ff556e53e094ab4ce
  languageName: node
  linkType: hard

"figures@npm:^5.0.0":
  version: 5.0.0
  resolution: "figures@npm:5.0.0"
  dependencies:
    escape-string-regexp: "npm:^5.0.0"
    is-unicode-supported: "npm:^1.2.0"
  checksum: ce0f17d4ea8b0fc429c5207c343534a2f5284ecfb22aa08607da7dc84ed9e1cf754f5b97760e8dcb98d3c9d1a1e4d3d578fe3b5b99c426f05d0f06c7ba618e16
  languageName: node
  linkType: hard

"fs-extra@npm:^9.1.0":
  version: 9.1.0
  resolution: "fs-extra@npm:9.1.0"
  dependencies:
    at-least-node: "npm:^1.0.0"
    graceful-fs: "npm:^4.2.0"
    jsonfile: "npm:^6.0.1"
    universalify: "npm:^2.0.0"
  checksum: 9b808bd884beff5cb940773018179a6b94a966381d005479f00adda6b44e5e3d4abf765135773d849cc27efe68c349e4a7b86acd7d3306d5932c14f3a4b17a92
  languageName: node
  linkType: hard

"fs.realpath@npm:^1.0.0":
  version: 1.0.0
  resolution: "fs.realpath@npm:1.0.0"
  checksum: 444cf1291d997165dfd4c0d58b69f0e4782bfd9149fd72faa4fe299e68e0e93d6db941660b37dd29153bf7186672ececa3b50b7e7249477b03fdf850f287c948
  languageName: node
  linkType: hard

"function-bind@npm:^1.1.1":
  version: 1.1.1
  resolution: "function-bind@npm:1.1.1"
  checksum: 60b74b2407e1942e1ed7f8c284f8ef714d0689dcfce5319985a5b7da3fc727f40b4a59ec72dc55aa83365ad7b8fa4fac3a30d93c850a2b452f29ae03dbc10a1e
  languageName: node
  linkType: hard

"glob@npm:^7.0.0":
  version: 7.1.6
  resolution: "glob@npm:7.1.6"
  dependencies:
    fs.realpath: "npm:^1.0.0"
    inflight: "npm:^1.0.4"
    inherits: "npm:2"
    minimatch: "npm:^3.0.4"
    once: "npm:^1.3.0"
    path-is-absolute: "npm:^1.0.0"
  checksum: 2575cce9306ac534388db751f0aa3e78afedb6af8f3b529ac6b2354f66765545145dba8530abf7bff49fb399a047d3f9b6901c38ee4c9503f592960d9af67763
  languageName: node
  linkType: hard

"graceful-fs@npm:^4.1.6, graceful-fs@npm:^4.2.0":
  version: 4.2.6
  resolution: "graceful-fs@npm:4.2.6"
  checksum: f24a75a9ca057c3d482148242878c7fe9e25ce73a46c7480a58b53f1915c93d9ddf27c2d22d8b99182447e8d7f37ae6b29a74b246bbcc8c0d0b36b0d0648cea5
  languageName: node
  linkType: hard

"handlebars@npm:^4.7.7":
  version: 4.7.7
  resolution: "handlebars@npm:4.7.7"
  dependencies:
    minimist: "npm:^1.2.5"
    neo-async: "npm:^2.6.0"
    source-map: "npm:^0.6.1"
    uglify-js: "npm:^3.1.4"
    wordwrap: "npm:^1.0.0"
  dependenciesMeta:
    uglify-js:
      optional: true
  bin:
    handlebars: bin/handlebars
  checksum: 4c0913fc0018a2a2e358ee94e4fe83f071762b8bec51a473d187e6642e94e569843adcf550ffe329554c63ad450c062f3a05447bd2e3fff5ebfe698e214225c6
  languageName: node
  linkType: hard

"has-ansi@npm:3.0.0":
  version: 3.0.0
  resolution: "has-ansi@npm:3.0.0"
  dependencies:
    ansi-regex: "npm:^3.0.0"
  checksum: 120575cd37fbdb4553f201563448d93181f39c28aed083bc0fb1df2d0758c3aac86480e67252c05d34a9f6452503a74d3d6c6ed8fd52a554f2a7439acd8a201f
  languageName: node
  linkType: hard

"has@npm:^1.0.3":
  version: 1.0.3
  resolution: "has@npm:1.0.3"
  dependencies:
    function-bind: "npm:^1.1.1"
  checksum: e1da0d2bd109f116b632f27782cf23182b42f14972ca9540e4c5aa7e52647407a0a4a76937334fddcb56befe94a3494825ec22b19b51f5e5507c3153fd1a5e1b
  languageName: node
  linkType: hard

"indent-string@npm:^5.0.0":
  version: 5.0.0
  resolution: "indent-string@npm:5.0.0"
  checksum: 8ee77b57d92e71745e133f6f444d6fa3ed503ad0e1bcd7e80c8da08b42375c07117128d670589725ed07b1978065803fa86318c309ba45415b7fe13e7f170220
  languageName: node
  linkType: hard

"inflight@npm:^1.0.4":
  version: 1.0.6
  resolution: "inflight@npm:1.0.6"
  dependencies:
    once: "npm:^1.3.0"
    wrappy: "npm:1"
  checksum: 7faca22584600a9dc5b9fca2cd5feb7135ac8c935449837b315676b4c90aa4f391ec4f42240178244b5a34e8bede1948627fda392ca3191522fc46b34e985ab2
  languageName: node
  linkType: hard

"inherits@npm:2":
  version: 2.0.4
  resolution: "inherits@npm:2.0.4"
  checksum: 4e531f648b29039fb7426fb94075e6545faa1eb9fe83c29f0b6d9e7263aceb4289d2d4557db0d428188eeb449cc7c5e77b0a0b2c4e248ff2a65933a0dee49ef2
  languageName: node
  linkType: hard

"ink-form@workspace:.":
  version: 0.0.0-use.local
  resolution: "ink-form@workspace:."
  dependencies:
    "@types/node": "npm:^14.14.31"
    "@types/react": "npm:^17.0.2"
    ink: "npm:^4.4.1"
    ink-multi-select: "npm:^2.0.0"
    ink-quicksearch-input: "npm:^1.0.0"
    ink-select-input: "npm:^5.0.0"
    ink-text-input: "npm:^5.0.1"
    prettier: "npm:^2.2.1"
    react: "npm:^18.2.0"
    ts-node: "npm:^10.9.1"
    typedoc: "npm:^0.20.29"
    typescript: "npm:^5.3.2"
  peerDependencies:
    ink: ">4"
    react: ">17"
  languageName: unknown
  linkType: soft

"ink-multi-select@npm:^2.0.0":
  version: 2.0.0
  resolution: "ink-multi-select@npm:2.0.0"
  dependencies:
    arr-rotate: "npm:^1.0.0"
    figures: "npm:^2.0.0"
    lodash.isequal: "npm:^4.5.0"
    prop-types: "npm:^15.5.10"
  checksum: 8b6e25cdbd445d9707090f8d36b7f5824fd829f1dc9e9de2bfa70fa8aa172834f81321f82827878c0f8626f0d8421bc4d050cbbe38b910dd56159a8fcaae90a2
  languageName: node
  linkType: hard

"ink-quicksearch-input@npm:^1.0.0":
  version: 1.0.0
  resolution: "ink-quicksearch-input@npm:1.0.0"
  dependencies:
    "@types/has-ansi": "npm:^3.0.0"
    "@types/lodash.isequal": "npm:^4.5.5"
    has-ansi: "npm:3.0.0"
    keypress: "npm:^0.2.1"
    lodash.isequal: "npm:4.5.0"
  peerDependencies:
    ink: 2.6.x
  checksum: 02573448fafaa0053e5907be73fb43a1be58cde4d418188d55eb50693d158d1b5140f36e06b5a20b175f1a61d004afb1e53410cd866588860484b18db3607a14
  languageName: node
  linkType: hard

"ink-select-input@npm:^5.0.0":
  version: 5.0.0
  resolution: "ink-select-input@npm:5.0.0"
  dependencies:
    arr-rotate: "npm:^1.0.0"
    figures: "npm:^5.0.0"
    lodash.isequal: "npm:^4.5.0"
  peerDependencies:
    ink: ^4.0.0
    react: ^18.0.0
  checksum: 2633d4accc0b91cfe9cc7171724b2355992c28e673c156d12bcb77fc629d9fd0d5616036c944af24b130c354c356152beacc06091c26409d347a0845a29fdfc7
  languageName: node
  linkType: hard

"ink-text-input@npm:^5.0.1":
  version: 5.0.1
  resolution: "ink-text-input@npm:5.0.1"
  dependencies:
    chalk: "npm:^5.2.0"
    type-fest: "npm:^3.6.1"
  peerDependencies:
    ink: ^4.0.0
    react: ^18.0.0
  checksum: 2dc20518c438c09e4cd3ba0b0d68bf7d5ddad309ad74d9969ee7f5677974a3b962ecc3ac1e6ab9ef852b2197e775c0cd5d49f1bd5a6ef89824e08ebaabae29d2
  languageName: node
  linkType: hard

"ink@npm:^4.4.1":
  version: 4.4.1
  resolution: "ink@npm:4.4.1"
  dependencies:
    "@alcalzone/ansi-tokenize": "npm:^0.1.3"
    ansi-escapes: "npm:^6.0.0"
    auto-bind: "npm:^5.0.1"
    chalk: "npm:^5.2.0"
    cli-boxes: "npm:^3.0.0"
    cli-cursor: "npm:^4.0.0"
    cli-truncate: "npm:^3.1.0"
    code-excerpt: "npm:^4.0.0"
    indent-string: "npm:^5.0.0"
    is-ci: "npm:^3.0.1"
    is-lower-case: "npm:^2.0.2"
    is-upper-case: "npm:^2.0.2"
    lodash: "npm:^4.17.21"
    patch-console: "npm:^2.0.0"
    react-reconciler: "npm:^0.29.0"
    scheduler: "npm:^0.23.0"
    signal-exit: "npm:^3.0.7"
    slice-ansi: "npm:^6.0.0"
    stack-utils: "npm:^2.0.6"
    string-width: "npm:^5.1.2"
    type-fest: "npm:^0.12.0"
    widest-line: "npm:^4.0.1"
    wrap-ansi: "npm:^8.1.0"
    ws: "npm:^8.12.0"
    yoga-wasm-web: "npm:~0.3.3"
  peerDependencies:
    "@types/react": ">=18.0.0"
    react: ">=18.0.0"
    react-devtools-core: ^4.19.1
  peerDependenciesMeta:
    "@types/react":
      optional: true
    react-devtools-core:
      optional: true
  checksum: f89e7d1b53df9a4dbf5271d123d47de1ef974b5ef41c6fbb7bf0a8f1af7d6806788cb6d181eb3132b372255127bdc4074e7760d5526f28a5308e6b0d06e56dae
  languageName: node
  linkType: hard

"interpret@npm:^1.0.0":
  version: 1.4.0
  resolution: "interpret@npm:1.4.0"
  checksum: 08c5ad30032edeec638485bc3f6db7d0094d9b3e85e0f950866600af3c52e9fd69715416d29564731c479d9f4d43ff3e4d302a178196bdc0e6837ec147640450
  languageName: node
  linkType: hard

"is-ci@npm:^3.0.1":
  version: 3.0.1
  resolution: "is-ci@npm:3.0.1"
  dependencies:
    ci-info: "npm:^3.2.0"
  bin:
    is-ci: bin.js
  checksum: 0e81caa62f4520d4088a5bef6d6337d773828a88610346c4b1119fb50c842587ed8bef1e5d9a656835a599e7209405b5761ddf2339668f2d0f4e889a92fe6051
  languageName: node
  linkType: hard

"is-core-module@npm:^2.2.0":
  version: 2.2.0
  resolution: "is-core-module@npm:2.2.0"
  dependencies:
    has: "npm:^1.0.3"
  checksum: db56b0a13d5a82e24613e259f00303560cd14b66f1fa142dbd5cc5ad965ad10cf3aac12395b1eda6755eda03aace840e6cabc25ca6ee538d9811feeb8097bd18
  languageName: node
  linkType: hard

"is-fullwidth-code-point@npm:^4.0.0":
  version: 4.0.0
  resolution: "is-fullwidth-code-point@npm:4.0.0"
  checksum: df2a717e813567db0f659c306d61f2f804d480752526886954a2a3e2246c7745fd07a52b5fecf2b68caf0a6c79dcdace6166fdf29cc76ed9975cc334f0a018b8
  languageName: node
  linkType: hard

"is-lower-case@npm:^2.0.2":
  version: 2.0.2
  resolution: "is-lower-case@npm:2.0.2"
  dependencies:
    tslib: "npm:^2.0.3"
  checksum: c045e6a52dcc7c3857e2f8c850ded604cdc5269ff94625b03881cefc73bfc02f5099a1bc9bafa67793656711a40d4ab3e26e285a848e728506df20ead0ce8e2f
  languageName: node
  linkType: hard

"is-unicode-supported@npm:^1.2.0":
  version: 1.3.0
  resolution: "is-unicode-supported@npm:1.3.0"
  checksum: b8674ea95d869f6faabddc6a484767207058b91aea0250803cbf1221345cb0c56f466d4ecea375dc77f6633d248d33c47bd296fb8f4cdba0b4edba8917e83d8a
  languageName: node
  linkType: hard

"is-upper-case@npm:^2.0.2":
  version: 2.0.2
  resolution: "is-upper-case@npm:2.0.2"
  dependencies:
    tslib: "npm:^2.0.3"
  checksum: 2236f416484a2643d55a07cc95443cecf96cbc5fb0de7f24c506a8bc5cc4c4de885ab56c5ec946eadd95b3b7960bff7ed51cc88511fa8e8a9d92f2f8969622d9
  languageName: node
  linkType: hard

"js-tokens@npm:^3.0.0 || ^4.0.0":
  version: 4.0.0
  resolution: "js-tokens@npm:4.0.0"
  checksum: e248708d377aa058eacf2037b07ded847790e6de892bbad3dac0abba2e759cb9f121b00099a65195616badcb6eca8d14d975cb3e89eb1cfda644756402c8aeed
  languageName: node
  linkType: hard

"jsonfile@npm:^6.0.1":
  version: 6.1.0
  resolution: "jsonfile@npm:6.1.0"
  dependencies:
    graceful-fs: "npm:^4.1.6"
    universalify: "npm:^2.0.0"
  dependenciesMeta:
    graceful-fs:
      optional: true
  checksum: 4f95b5e8a5622b1e9e8f33c96b7ef3158122f595998114d1e7f03985649ea99cb3cd99ce1ed1831ae94c8c8543ab45ebd044207612f31a56fd08462140e46865
  languageName: node
  linkType: hard

"keypress@npm:^0.2.1":
  version: 0.2.1
  resolution: "keypress@npm:0.2.1"
  checksum: f4aafffadba71443ad8e08f512f6ea3d4c686b788c63d1e8de67da6ed1a1dc2bd4d46ee4d2028e2c4c751f67ede9c195fc755c4c7ddfea978a1f8adc8fa3cd25
  languageName: node
  linkType: hard

"lodash.isequal@npm:4.5.0, lodash.isequal@npm:^4.5.0":
  version: 4.5.0
  resolution: "lodash.isequal@npm:4.5.0"
  checksum: dfdb2356db19631a4b445d5f37868a095e2402292d59539a987f134a8778c62a2810c2452d11ae9e6dcac71fc9de40a6fedcb20e2952a15b431ad8b29e50e28f
  languageName: node
  linkType: hard

"lodash@npm:^4.17.21":
  version: 4.17.21
  resolution: "lodash@npm:4.17.21"
  checksum: d8cbea072bb08655bb4c989da418994b073a608dffa608b09ac04b43a791b12aeae7cd7ad919aa4c925f33b48490b5cfe6c1f71d827956071dae2e7bb3a6b74c
  languageName: node
  linkType: hard

"loose-envify@npm:^1.1.0, loose-envify@npm:^1.4.0":
  version: 1.4.0
  resolution: "loose-envify@npm:1.4.0"
  dependencies:
    js-tokens: "npm:^3.0.0 || ^4.0.0"
  bin:
    loose-envify: cli.js
  checksum: 655d110220983c1a4b9c0c679a2e8016d4b67f6e9c7b5435ff5979ecdb20d0813f4dec0a08674fcbdd4846a3f07edbb50a36811fd37930b94aaa0d9daceb017e
  languageName: node
  linkType: hard

"lru-cache@npm:^5.1.1":
  version: 5.1.1
  resolution: "lru-cache@npm:5.1.1"
  dependencies:
    yallist: "npm:^3.0.2"
  checksum: 89b2ef2ef45f543011e38737b8a8622a2f8998cddf0e5437174ef8f1f70a8b9d14a918ab3e232cb3ba343b7abddffa667f0b59075b2b80e6b4d63c3de6127482
  languageName: node
  linkType: hard

"lunr@npm:^2.3.9":
  version: 2.3.9
  resolution: "lunr@npm:2.3.9"
  checksum: 77d7dbb4fbd602aac161e2b50887d8eda28c0fa3b799159cee380fbb311f1e614219126ecbbd2c3a9c685f1720a8109b3c1ca85cc893c39b6c9cc6a62a1d8a8b
  languageName: node
  linkType: hard

"make-error@npm:^1.1.1":
  version: 1.3.6
  resolution: "make-error@npm:1.3.6"
  checksum: 171e458d86854c6b3fc46610cfacf0b45149ba043782558c6875d9f42f222124384ad0b468c92e996d815a8a2003817a710c0a160e49c1c394626f76fa45396f
  languageName: node
  linkType: hard

"marked@npm:^2.0.1":
  version: 2.0.1
  resolution: "marked@npm:2.0.1"
  bin:
    marked: bin/marked
  checksum: bade229b6637fc8b509c54119562d1b0e0432668b62ca78f27d6873e73b41142caad74feedc613284c8a1546db3e03c684377c1f59618a713fa13a3b8aa8c929
  languageName: node
  linkType: hard

"mimic-fn@npm:^2.1.0":
  version: 2.1.0
  resolution: "mimic-fn@npm:2.1.0"
  checksum: b26f5479d7ec6cc2bce275a08f146cf78f5e7b661b18114e2506dd91ec7ec47e7a25bf4360e5438094db0560bcc868079fb3b1fb3892b833c1ecbf63f80c95a4
  languageName: node
  linkType: hard

"minimatch@npm:^3.0.0, minimatch@npm:^3.0.4":
  version: 3.0.4
  resolution: "minimatch@npm:3.0.4"
  dependencies:
    brace-expansion: "npm:^1.1.7"
  checksum: d0a2bcd93ebec08a9eef3ca83ba33c9fb6feb93932e0b4dc6aa46c5f37a9404bea7ad9ff7cafe23ce6634f1fe3b206f5315ecbb05812da6e692c21d8ecfd3dae
  languageName: node
  linkType: hard

"minimist@npm:^1.2.5":
  version: 1.2.5
  resolution: "minimist@npm:1.2.5"
  checksum: c143b0c199af4df7a55c7a37b6465cdd438acdc6a3a345ba0fe9d94dfcc2042263f650879bc73be607c843deeaeaadf39c864e55bc6d80b36a025eca1a062ee7
  languageName: node
  linkType: hard

"neo-async@npm:^2.6.0":
  version: 2.6.2
  resolution: "neo-async@npm:2.6.2"
  checksum: c2f5a604a54a8ec5438a342e1f356dff4bc33ccccdb6dc668d94fe8e5eccfc9d2c2eea6064b0967a767ba63b33763f51ccf2cd2441b461a7322656c1f06b3f5d
  languageName: node
  linkType: hard

"object-assign@npm:^4.1.1":
  version: 4.1.1
  resolution: "object-assign@npm:4.1.1"
  checksum: 1f4df9945120325d041ccf7b86f31e8bcc14e73d29171e37a7903050e96b81323784ec59f93f102ec635bcf6fa8034ba3ea0a8c7e69fa202b87ae3b6cec5a414
  languageName: node
  linkType: hard

"once@npm:^1.3.0":
  version: 1.4.0
  resolution: "once@npm:1.4.0"
  dependencies:
    wrappy: "npm:1"
  checksum: 5d48aca287dfefabd756621c5dfce5c91a549a93e9fdb7b8246bc4c4790aa2ec17b34a260530474635147aeb631a2dcc8b32c613df0675f96041cbb8244517d0
  languageName: node
  linkType: hard

"onetime@npm:^5.1.0":
  version: 5.1.2
  resolution: "onetime@npm:5.1.2"
  dependencies:
    mimic-fn: "npm:^2.1.0"
  checksum: ffcef6fbb2692c3c40749f31ea2e22677a876daea92959b8a80b521d95cca7a668c884d8b2045d1d8ee7d56796aa405c405462af112a1477594cc63531baeb8f
  languageName: node
  linkType: hard

"onigasm@npm:^2.2.5":
  version: 2.2.5
  resolution: "onigasm@npm:2.2.5"
  dependencies:
    lru-cache: "npm:^5.1.1"
  checksum: 79eeefa07f196239a9007f504983066212aea2c8b080aeae1f1df92d215d5165f3c9bfdbc35b12c5581ac1eec54f1b98720b6f0c39f7a4433e2e16aca2a8c97c
  languageName: node
  linkType: hard

"patch-console@npm:^2.0.0":
  version: 2.0.0
  resolution: "patch-console@npm:2.0.0"
  checksum: 486602591a0af7af8d4c76d8eea42cad32b6de7200488819c6383c75e43733ca7bdc80e30f2e68ce05f06a1607cce1683a1706c6672ca27dada1921b366e8f1c
  languageName: node
  linkType: hard

"path-is-absolute@npm:^1.0.0":
  version: 1.0.1
  resolution: "path-is-absolute@npm:1.0.1"
  checksum: 127da03c82172a2a50099cddbf02510c1791fc2cc5f7713ddb613a56838db1e8168b121a920079d052e0936c23005562059756d653b7c544c53185efe53be078
  languageName: node
  linkType: hard

"path-parse@npm:^1.0.6":
  version: 1.0.6
  resolution: "path-parse@npm:1.0.6"
  checksum: 07a3f911553aec62bee46f3d205fe15b3736505f65cfef2833dd6921a1e586c1e7f6cc8e3cc61e9b8b1b51360e6b96467da08b29e6aeb82b683878a955c85610
  languageName: node
  linkType: hard

"prettier@npm:^2.2.1":
  version: 2.2.1
  resolution: "prettier@npm:2.2.1"
  bin:
    prettier: bin-prettier.js
  checksum: 4041ff87d6cba9134a8e0eb74a9e7f50f7091de6b95f5a6fb1928795c7d0584ae46806e0d75588fbc912b2cda2439d28a14fb84416946384cf71d60f5a0a68a6
  languageName: node
  linkType: hard

"progress@npm:^2.0.3":
  version: 2.0.3
  resolution: "progress@npm:2.0.3"
  checksum: 1697e07cb1068055dbe9fe858d242368ff5d2073639e652b75a7eb1f2a1a8d4afd404d719de23c7b48481a6aa0040686310e2dac2f53d776daa2176d3f96369c
  languageName: node
  linkType: hard

"prop-types@npm:^15.5.10":
  version: 15.7.2
  resolution: "prop-types@npm:15.7.2"
  dependencies:
    loose-envify: "npm:^1.4.0"
    object-assign: "npm:^4.1.1"
    react-is: "npm:^16.8.1"
  checksum: 4eb527daec962acd789c621ce3234a6f077ce202049291642d8efd13b19805adf07227672c570531cdb56a357640ea27e336527682b7ed4be0c5b392a01662ab
  languageName: node
  linkType: hard

"react-is@npm:^16.8.1":
  version: 16.13.1
  resolution: "react-is@npm:16.13.1"
  checksum: 33977da7a5f1a287936a0c85639fec6ca74f4f15ef1e59a6bc20338fc73dc69555381e211f7a3529b8150a1f71e4225525b41b60b52965bda53ce7d47377ada1
  languageName: node
  linkType: hard

"react-reconciler@npm:^0.29.0":
  version: 0.29.0
  resolution: "react-reconciler@npm:0.29.0"
  dependencies:
    loose-envify: "npm:^1.1.0"
    scheduler: "npm:^0.23.0"
  peerDependencies:
    react: ^18.2.0
  checksum: 637442f98ee816b8f86586f537712a0463b53e12c0f4dec716dfdde68dfa52cef1d10138acfad194d5571296cde8715c331aa3986e538087acdc1ef83187a9b0
  languageName: node
  linkType: hard

"react@npm:^18.2.0":
  version: 18.2.0
  resolution: "react@npm:18.2.0"
  dependencies:
    loose-envify: "npm:^1.1.0"
  checksum: b562d9b569b0cb315e44b48099f7712283d93df36b19a39a67c254c6686479d3980b7f013dc931f4a5a3ae7645eae6386b4aa5eea933baa54ecd0f9acb0902b8
  languageName: node
  linkType: hard

"rechoir@npm:^0.6.2":
  version: 0.6.2
  resolution: "rechoir@npm:0.6.2"
  dependencies:
    resolve: "npm:^1.1.6"
  checksum: 22c4bb32f4934a9468468b608417194f7e3ceba9a508512125b16082c64f161915a28467562368eeb15dc16058eb5b7c13a20b9eb29ff9927d1ebb3b5aa83e84
  languageName: node
  linkType: hard

"resolve@npm:^1.1.6":
  version: 1.20.0
  resolution: "resolve@npm:1.20.0"
  dependencies:
    is-core-module: "npm:^2.2.0"
    path-parse: "npm:^1.0.6"
  checksum: d2c99e3bfbfd1f5aa4d134fa893b0157b923d6bfdc36563cb126995982ebfd0d93d901f851e4577897580f7c87d9a62d307b811422009fd3d2a8ed0571c2eabb
  languageName: node
  linkType: hard

"resolve@patch:resolve@npm%3A^1.1.6#optional!builtin<compat/resolve>":
  version: 1.20.0
  resolution: "resolve@patch:resolve@npm%3A1.20.0#optional!builtin<compat/resolve>::version=1.20.0&hash=c3c19d"
  dependencies:
    is-core-module: "npm:^2.2.0"
    path-parse: "npm:^1.0.6"
  checksum: b6a5345d1f015cebba11dffa6a1982b39fe9ef42ed86ed832e51bd01c10817666df6d7b11579bc88664f5d57f2a5fe073a7f46b4e72a3efe7ed0cb450ee786da
  languageName: node
  linkType: hard

"restore-cursor@npm:^4.0.0":
  version: 4.0.0
  resolution: "restore-cursor@npm:4.0.0"
  dependencies:
    onetime: "npm:^5.1.0"
    signal-exit: "npm:^3.0.2"
  checksum: 6f7da8c5e422ac26aa38354870b1afac09963572cf2879443540449068cb43476e9cbccf6f8de3e0171e0d6f7f533c2bc1a0a008003c9a525bbc098e89041318
  languageName: node
  linkType: hard

"scheduler@npm:^0.23.0":
  version: 0.23.0
  resolution: "scheduler@npm:0.23.0"
  dependencies:
    loose-envify: "npm:^1.1.0"
  checksum: b777f7ca0115e6d93e126ac490dbd82642d14983b3079f58f35519d992fa46260be7d6e6cede433a92db70306310c6f5f06e144f0e40c484199e09c1f7be53dd
  languageName: node
  linkType: hard

"shelljs@npm:^0.8.4":
  version: 0.8.4
  resolution: "shelljs@npm:0.8.4"
  dependencies:
    glob: "npm:^7.0.0"
    interpret: "npm:^1.0.0"
    rechoir: "npm:^0.6.2"
  bin:
    shjs: bin/shjs
  checksum: 28f0157ac1b60ff786faa96237d9c2bea659bfa3daa5e207960af8dbc93e3a3f81c3bbd39e1d105b5a0182f40b3239c27adc73a9e8a42a08ec78459692d66c16
  languageName: node
  linkType: hard

"shiki@npm:^0.9.2":
  version: 0.9.2
  resolution: "shiki@npm:0.9.2"
  dependencies:
    onigasm: "npm:^2.2.5"
    vscode-textmate: "npm:^5.2.0"
  checksum: 671eb650f18ff45b809d31e75bd2d733d759843e83a2f1e7114affb03d1f2b2136f2f3329ed4d083d599e1382747e7f88fc24b6ec6561d866c2a964c4213e9e9
  languageName: node
  linkType: hard

"signal-exit@npm:^3.0.2":
  version: 3.0.3
  resolution: "signal-exit@npm:3.0.3"
  checksum: 645cf460a417158e7d7fd03fb276aa12aecc49ab61a2ea36dac1987870a454e8af476ed926c8a8713a1adfde69c5964a4ca322c87fcca2367b36e1681207cf5f
  languageName: node
  linkType: hard

"signal-exit@npm:^3.0.7":
  version: 3.0.7
  resolution: "signal-exit@npm:3.0.7"
  checksum: 25d272fa73e146048565e08f3309d5b942c1979a6f4a58a8c59d5fa299728e9c2fcd1a759ec870863b1fd38653670240cd420dad2ad9330c71f36608a6a1c912
  languageName: node
  linkType: hard

"slice-ansi@npm:^5.0.0":
  version: 5.0.0
  resolution: "slice-ansi@npm:5.0.0"
  dependencies:
    ansi-styles: "npm:^6.0.0"
    is-fullwidth-code-point: "npm:^4.0.0"
  checksum: 2d4d40b2a9d5cf4e8caae3f698fe24ae31a4d778701724f578e984dcb485ec8c49f0c04dab59c401821e80fcdfe89cace9c66693b0244e40ec485d72e543914f
  languageName: node
  linkType: hard

"slice-ansi@npm:^6.0.0":
  version: 6.0.0
  resolution: "slice-ansi@npm:6.0.0"
  dependencies:
    ansi-styles: "npm:^6.2.1"
    is-fullwidth-code-point: "npm:^4.0.0"
  checksum: d105f1296c2c5744a1fb5bedd69ad55596fabe95b0b3533c046969dd34d928b4794ff46ef18054d8f5786d6fbc7d8b94937391c10f8db89d8c236e47403223b8
  languageName: node
  linkType: hard

"source-map@npm:^0.6.1":
  version: 0.6.1
  resolution: "source-map@npm:0.6.1"
  checksum: ab55398007c5e5532957cb0beee2368529618ac0ab372d789806f5718123cc4367d57de3904b4e6a4170eb5a0b0f41373066d02ca0735a0c4d75c7d328d3e011
  languageName: node
  linkType: hard

"stack-utils@npm:^2.0.6":
  version: 2.0.6
  resolution: "stack-utils@npm:2.0.6"
  dependencies:
    escape-string-regexp: "npm:^2.0.0"
  checksum: 651c9f87667e077584bbe848acaecc6049bc71979f1e9a46c7b920cad4431c388df0f51b8ad7cfd6eed3db97a2878d0fc8b3122979439ea8bac29c61c95eec8a
  languageName: node
  linkType: hard

"string-width@npm:^5.0.0, string-width@npm:^5.0.1, string-width@npm:^5.1.2":
  version: 5.1.2
  resolution: "string-width@npm:5.1.2"
  dependencies:
    eastasianwidth: "npm:^0.2.0"
    emoji-regex: "npm:^9.2.2"
    strip-ansi: "npm:^7.0.1"
  checksum: ab9c4264443d35b8b923cbdd513a089a60de339216d3b0ed3be3ba57d6880e1a192b70ae17225f764d7adbf5994e9bb8df253a944736c15a0240eff553c678ca
  languageName: node
  linkType: hard

"strip-ansi@npm:^7.0.1":
  version: 7.1.0
  resolution: "strip-ansi@npm:7.1.0"
  dependencies:
    ansi-regex: "npm:^6.0.1"
  checksum: a198c3762e8832505328cbf9e8c8381de14a4fa50a4f9b2160138158ea88c0f5549fb50cb13c651c3088f47e63a108b34622ec18c0499b6c8c3a5ddf6b305ac4
  languageName: node
  linkType: hard

"ts-node@npm:^10.9.1":
  version: 10.9.1
  resolution: "ts-node@npm:10.9.1"
  dependencies:
    "@cspotcode/source-map-support": "npm:^0.8.0"
    "@tsconfig/node10": "npm:^1.0.7"
    "@tsconfig/node12": "npm:^1.0.7"
    "@tsconfig/node14": "npm:^1.0.0"
    "@tsconfig/node16": "npm:^1.0.2"
    acorn: "npm:^8.4.1"
    acorn-walk: "npm:^8.1.1"
    arg: "npm:^4.1.0"
    create-require: "npm:^1.1.0"
    diff: "npm:^4.0.1"
    make-error: "npm:^1.1.1"
    v8-compile-cache-lib: "npm:^3.0.1"
    yn: "npm:3.1.1"
  peerDependencies:
    "@swc/core": ">=1.2.50"
    "@swc/wasm": ">=1.2.50"
    "@types/node": "*"
    typescript: ">=2.7"
  peerDependenciesMeta:
    "@swc/core":
      optional: true
    "@swc/wasm":
      optional: true
  bin:
    ts-node: dist/bin.js
    ts-node-cwd: dist/bin-cwd.js
    ts-node-esm: dist/bin-esm.js
    ts-node-script: dist/bin-script.js
    ts-node-transpile-only: dist/bin-transpile.js
    ts-script: dist/bin-script-deprecated.js
  checksum: 95187932fb83f3901e22546bd2feeac7d2feb4f412f42ac3a595f049a23e8dcf70516dffb51866391228ea2dbcfaea039e250fb2bb334d48a86ab2b6aea0ae2d
  languageName: node
  linkType: hard

"tslib@npm:^2.0.3":
  version: 2.6.2
  resolution: "tslib@npm:2.6.2"
  checksum: e03a8a4271152c8b26604ed45535954c0a45296e32445b4b87f8a5abdb2421f40b59b4ca437c4346af0f28179780d604094eb64546bee2019d903d01c6c19bdb
  languageName: node
  linkType: hard

"type-fest@npm:^0.12.0":
  version: 0.12.0
  resolution: "type-fest@npm:0.12.0"
  checksum: 7f88f99fe4aaf2c2e2b0a601c63164e3b218b9378c9bc5d8b514c5170eabd4732abd3f74bb97323c387ae340021d1d814369ef52ab8057481cb785e5306f23ac
  languageName: node
  linkType: hard

"type-fest@npm:^3.0.0, type-fest@npm:^3.6.1":
  version: 3.13.1
  resolution: "type-fest@npm:3.13.1"
  checksum: 547d22186f73a8c04590b70dcf63baff390078c75ea8acd366bbd510fd0646e348bd1970e47ecf795b7cff0b41d26e9c475c1fedd6ef5c45c82075fbf916b629
  languageName: node
  linkType: hard

"typedoc-default-themes@npm:^0.12.8":
  version: 0.12.8
  resolution: "typedoc-default-themes@npm:0.12.8"
  checksum: adacc577d3a7ba799c31ab4d4f0f0d11965e52b10aef1e0ff8af14940645ebacbbb194dcbf31fa2f5263511eb1b0e49f120c50e38f503e4ff1d2af3995e9f609
  languageName: node
  linkType: hard

"typedoc@npm:^0.20.29":
  version: 0.20.29
  resolution: "typedoc@npm:0.20.29"
  dependencies:
    colors: "npm:^1.4.0"
    fs-extra: "npm:^9.1.0"
    handlebars: "npm:^4.7.7"
    lodash: "npm:^4.17.21"
    lunr: "npm:^2.3.9"
    marked: "npm:^2.0.1"
    minimatch: "npm:^3.0.0"
    progress: "npm:^2.0.3"
    shelljs: "npm:^0.8.4"
    shiki: "npm:^0.9.2"
    typedoc-default-themes: "npm:^0.12.8"
  peerDependencies:
    typescript: 3.9.x || 4.0.x || 4.1.x || 4.2.x
  bin:
    typedoc: bin/typedoc
  checksum: 3e1bb84893f0d86f55cb2844991ddd4a9aa4d887f2ef41bd262d9892d54cf99fe35e88ac8e5b1e5e926250fcf338db24774a6ee922df7669a75145976a8503bf
  languageName: node
  linkType: hard

"typescript@npm:^5.3.2":
  version: 5.3.2
  resolution: "typescript@npm:5.3.2"
  bin:
    tsc: bin/tsc
    tsserver: bin/tsserver
  checksum: d7dbe1fbe19039e36a65468ea64b5d338c976550394ba576b7af9c68ed40c0bc5d12ecce390e4b94b287a09a71bd3229f19c2d5680611f35b7c53a3898791159
  languageName: node
  linkType: hard

"typescript@patch:typescript@npm%3A^5.3.2#optional!builtin<compat/typescript>":
  version: 5.3.2
  resolution: "typescript@patch:typescript@npm%3A5.3.2#optional!builtin<compat/typescript>::version=5.3.2&hash=14eedb"
  bin:
    tsc: bin/tsc
    tsserver: bin/tsserver
  checksum: c81b9bd20c6dbe90fa43e876c586021447f2b47baede9fa542b1f56715835c043e23b2eaf19c42c067cc6f5ae512bd9a9be28a67b3a1d9807f8c9cfb1269875e
  languageName: node
  linkType: hard

"uglify-js@npm:^3.1.4":
  version: 3.13.0
  resolution: "uglify-js@npm:3.13.0"
  bin:
    uglifyjs: bin/uglifyjs
  checksum: 9f76bea3c0137300ee739ce1e3344d1e4385ac75edd4766a96f2cee3a5d9cabbf1f33cdda3642cddd40a645046c1859d37405e480df7840702803475764aac14
  languageName: node
  linkType: hard

"universalify@npm:^2.0.0":
  version: 2.0.0
  resolution: "universalify@npm:2.0.0"
  checksum: 07092b9f46df61b823d8ab5e57f0ee5120c178b39609a95e4a15a98c42f6b0b8e834e66fbb47ff92831786193be42f1fd36347169b88ce8639d0f9670af24a71
  languageName: node
  linkType: hard

"v8-compile-cache-lib@npm:^3.0.1":
  version: 3.0.1
  resolution: "v8-compile-cache-lib@npm:3.0.1"
  checksum: bdc36fb8095d3b41df197f5fb6f11e3a26adf4059df3213e3baa93810d8f0cc76f9a74aaefc18b73e91fe7e19154ed6f134eda6fded2e0f1c8d2272ed2d2d391
  languageName: node
  linkType: hard

"vscode-textmate@npm:^5.2.0":
  version: 5.2.0
  resolution: "vscode-textmate@npm:5.2.0"
  checksum: 87c4786606cf7a49d78b690b37236f919db594ff81f1a405f9d9a0a9ee66ff3450fe51c0d8731f270268f7be550adffb6711a4bbc6f56d76b71abe41949817c7
  languageName: node
  linkType: hard

"widest-line@npm:^4.0.1":
  version: 4.0.1
  resolution: "widest-line@npm:4.0.1"
  dependencies:
    string-width: "npm:^5.0.1"
  checksum: 7da9525ba45eaf3e4ed1a20f3dcb9b85bd9443962450694dae950f4bdd752839747bbc14713522b0b93080007de8e8af677a61a8c2114aa553ad52bde72d0f9c
  languageName: node
  linkType: hard

"wordwrap@npm:^1.0.0":
  version: 1.0.0
  resolution: "wordwrap@npm:1.0.0"
  checksum: 7ed2e44f3c33c5c3e3771134d2b0aee4314c9e49c749e37f464bf69f2bcdf0cbf9419ca638098e2717cff4875c47f56a007532f6111c3319f557a2ca91278e92
  languageName: node
  linkType: hard

"wrap-ansi@npm:^8.1.0":
  version: 8.1.0
  resolution: "wrap-ansi@npm:8.1.0"
  dependencies:
    ansi-styles: "npm:^6.1.0"
    string-width: "npm:^5.0.1"
    strip-ansi: "npm:^7.0.1"
  checksum: 138ff58a41d2f877eae87e3282c0630fc2789012fc1af4d6bd626eeb9a2f9a65ca92005e6e69a75c7b85a68479fe7443c7dbe1eb8fbaa681a4491364b7c55c60
  languageName: node
  linkType: hard

"wrappy@npm:1":
  version: 1.0.2
  resolution: "wrappy@npm:1.0.2"
  checksum: 56fece1a4018c6a6c8e28fbc88c87e0fbf4ea8fd64fc6c63b18f4acc4bd13e0ad2515189786dd2c30d3eec9663d70f4ecf699330002f8ccb547e4a18231fc9f0
  languageName: node
  linkType: hard

"ws@npm:^8.12.0":
  version: 8.14.2
  resolution: "ws@npm:8.14.2"
  peerDependencies:
    bufferutil: ^4.0.1
    utf-8-validate: ">=5.0.2"
  peerDependenciesMeta:
    bufferutil:
      optional: true
    utf-8-validate:
      optional: true
  checksum: 35b4c2da048b8015c797fd14bcb5a5766216ce65c8a5965616a5440ca7b6c3681ee3cbd0ea0c184a59975556e9d58f2002abf8485a14d11d3371770811050a16
  languageName: node
  linkType: hard

"yallist@npm:^3.0.2":
  version: 3.1.1
  resolution: "yallist@npm:3.1.1"
  checksum: c66a5c46bc89af1625476f7f0f2ec3653c1a1791d2f9407cfb4c2ba812a1e1c9941416d71ba9719876530e3340a99925f697142989371b72d93b9ee628afd8c1
  languageName: node
  linkType: hard

"yn@npm:3.1.1":
  version: 3.1.1
  resolution: "yn@npm:3.1.1"
  checksum: 0732468dd7622ed8a274f640f191f3eaf1f39d5349a1b72836df484998d7d9807fbea094e2f5486d6b0cd2414aad5775972df0e68f8604db89a239f0f4bf7443
  languageName: node
  linkType: hard

"yoga-wasm-web@npm:~0.3.3":
  version: 0.3.3
  resolution: "yoga-wasm-web@npm:0.3.3"
  checksum: d46ae3a436409e89eb0ea3b8c7624dafaf2c846d9038fdf8aa0cc839f73a2577b679bdc22997596177de74c580a6cdc3206c98fd2acd91b66f85462d9d9d260a
  languageName: node
  linkType: hard
