# This file is generated by running "yarn install" inside your project.
# Manual changes might be lost - proceed with caution!

__metadata:
  version: 8
  cacheKey: 10c0

"@alcalzone/ansi-tokenize@npm:^0.1.3":
  version: 0.1.3
  resolution: "@alcalzone/ansi-tokenize@npm:0.1.3"
  dependencies:
    ansi-styles: "npm:^6.2.1"
    is-fullwidth-code-point: "npm:^4.0.0"
  checksum: b88c5708271bb64ce132fc80dac8d5b87fc1699bf3abfdf10ecae40dbb56ab82460818f5746ecdd9870a00be9854e039d5cb3a121b808d0ff6f5bc7d0146cb38
  languageName: node
  linkType: hard

"@cspotcode/source-map-support@npm:^0.8.0":
  version: 0.8.1
  resolution: "@cspotcode/source-map-support@npm:0.8.1"
  dependencies:
    "@jridgewell/trace-mapping": "npm:0.3.9"
  checksum: 05c5368c13b662ee4c122c7bfbe5dc0b613416672a829f3e78bc49a357a197e0218d6e74e7c66cfcd04e15a179acab080bd3c69658c9fbefd0e1ccd950a07fc6
  languageName: node
  linkType: hard

"@jridgewell/resolve-uri@npm:^3.0.3":
  version: 3.1.1
  resolution: "@jridgewell/resolve-uri@npm:3.1.1"
  checksum: 0dbc9e29bc640bbbdc5b9876d2859c69042bfcf1423c1e6421bcca53e826660bff4e41c7d4bcb8dbea696404231a6f902f76ba41835d049e20f2dd6cffb713bf
  languageName: node
  linkType: hard

"@jridgewell/sourcemap-codec@npm:^1.4.10":
  version: 1.4.15
  resolution: "@jridgewell/sourcemap-codec@npm:1.4.15"
  checksum: 0c6b5ae663087558039052a626d2d7ed5208da36cfd707dcc5cea4a07cfc918248403dcb5989a8f7afaf245ce0573b7cc6fd94c4a30453bd10e44d9363940ba5
  languageName: node
  linkType: hard

"@jridgewell/trace-mapping@npm:0.3.9":
  version: 0.3.9
  resolution: "@jridgewell/trace-mapping@npm:0.3.9"
  dependencies:
    "@jridgewell/resolve-uri": "npm:^3.0.3"
    "@jridgewell/sourcemap-codec": "npm:^1.4.10"
  checksum: fa425b606d7c7ee5bfa6a31a7b050dd5814b4082f318e0e4190f991902181b4330f43f4805db1dd4f2433fd0ed9cc7a7b9c2683f1deeab1df1b0a98b1e24055b
  languageName: node
  linkType: hard

"@tsconfig/node10@npm:^1.0.7":
  version: 1.0.9
  resolution: "@tsconfig/node10@npm:1.0.9"
  checksum: c176a2c1e1b16be120c328300ea910df15fb9a5277010116d26818272341a11483c5a80059389d04edacf6fd2d03d4687ad3660870fdd1cc0b7109e160adb220
  languageName: node
  linkType: hard

"@tsconfig/node12@npm:^1.0.7":
  version: 1.0.11
  resolution: "@tsconfig/node12@npm:1.0.11"
  checksum: dddca2b553e2bee1308a056705103fc8304e42bb2d2cbd797b84403a223b25c78f2c683ec3e24a095e82cd435387c877239bffcb15a590ba817cd3f6b9a99fd9
  languageName: node
  linkType: hard

"@tsconfig/node14@npm:^1.0.0":
  version: 1.0.3
  resolution: "@tsconfig/node14@npm:1.0.3"
  checksum: 67c1316d065fdaa32525bc9449ff82c197c4c19092b9663b23213c8cbbf8d88b6ed6a17898e0cbc2711950fbfaf40388938c1c748a2ee89f7234fc9e7fe2bf44
  languageName: node
  linkType: hard

"@tsconfig/node16@npm:^1.0.2":
  version: 1.0.4
  resolution: "@tsconfig/node16@npm:1.0.4"
  checksum: 05f8f2734e266fb1839eb1d57290df1664fe2aa3b0fdd685a9035806daa635f7519bf6d5d9b33f6e69dd545b8c46bd6e2b5c79acb2b1f146e885f7f11a42a5bb
  languageName: node
  linkType: hard

"@types/node@npm:^14.14.45":
  version: 14.18.63
  resolution: "@types/node@npm:14.18.63"
  checksum: 626a371419a6a0e11ca460b22bb4894abe5d75c303739588bc96267e380aa8b90ba5a87bc552400584f0ac2a84b5c458dadcbcf0dfd2396ebeb765f7a7f95893
  languageName: node
  linkType: hard

"@types/prop-types@npm:*":
  version: 15.7.3
  resolution: "@types/prop-types@npm:15.7.3"
  checksum: 511aac811bfdba9dd1c463d6e502d852bb2196048cf861fbf48a97d883dd32c1c44ad2127a18dbb49733d9ad0aafd445d673eb50d5547ca843106835f67b5877
  languageName: node
  linkType: hard

"@types/react@npm:^18.2.41":
  version: 18.2.41
  resolution: "@types/react@npm:18.2.41"
  dependencies:
    "@types/prop-types": "npm:*"
    "@types/scheduler": "npm:*"
    csstype: "npm:^3.0.2"
  checksum: 5cc72491ce8be95e7bbedd8bf039ca971772ecd22d989feb045af7e73247c7e6cff25a2f1c2200be461fb2f6b5aacef739e1ba9fd83c744209dfd3ce8aa75afe
  languageName: node
  linkType: hard

"@types/scheduler@npm:*":
  version: 0.16.8
  resolution: "@types/scheduler@npm:0.16.8"
  checksum: f86de504945b8fc41b1f391f847444d542e2e4067cf7e5d9bfeb5d2d2393d3203b1161bc0ef3b1e104d828dabfb60baf06e8d2c27e27ff7e8258e6e618d8c4ec
  languageName: node
  linkType: hard

"acorn-walk@npm:^8.1.1":
  version: 8.3.0
  resolution: "acorn-walk@npm:8.3.0"
  checksum: 24346e595f507b6e704a60d35f3c5e1aa9891d4fb6a3fc3d856503ab718cc26cabb5e3e1ff0ff8da6ec03d60a8226ebdb602805a94f970e7f797ea3b8b09437f
  languageName: node
  linkType: hard

"acorn@npm:^8.4.1":
  version: 8.11.2
  resolution: "acorn@npm:8.11.2"
  bin:
    acorn: bin/acorn
  checksum: a3ed76c761b75ec54b1ec3068fb7f113a182e95aea7f322f65098c2958d232e3d211cb6dac35ff9c647024b63714bc528a26d54a925d1fef2c25585b4c8e4017
  languageName: node
  linkType: hard

"ansi-escapes@npm:^6.0.0":
  version: 6.2.0
  resolution: "ansi-escapes@npm:6.2.0"
  dependencies:
    type-fest: "npm:^3.0.0"
  checksum: 3eec75deedd8b10192c5f98e4cd9715cc3ff268d33fc463c24b7d22446668bfcd4ad1803993ea89c0f51f88b5a3399572bacb7c8cb1a067fc86e189c5f3b0c7e
  languageName: node
  linkType: hard

"ansi-regex@npm:^6.0.1":
  version: 6.0.1
  resolution: "ansi-regex@npm:6.0.1"
  checksum: cbe16dbd2c6b2735d1df7976a7070dd277326434f0212f43abf6d87674095d247968209babdaad31bb00882fa68807256ba9be340eec2f1004de14ca75f52a08
  languageName: node
  linkType: hard

"ansi-sequence-parser@npm:^1.1.0":
  version: 1.1.1
  resolution: "ansi-sequence-parser@npm:1.1.1"
  checksum: ab2259ccf69f145ecf1418d4e71524158828f44afdf37c7536677871f4cebaa8b176fcb95de8f94a68129357dddc59586597da25f9d4ebf9968f6ef022bf0b31
  languageName: node
  linkType: hard

"ansi-styles@npm:^6.0.0, ansi-styles@npm:^6.1.0, ansi-styles@npm:^6.2.1":
  version: 6.2.1
  resolution: "ansi-styles@npm:6.2.1"
  checksum: 5d1ec38c123984bcedd996eac680d548f31828bd679a66db2bdf11844634dde55fec3efa9c6bb1d89056a5e79c1ac540c4c784d592ea1d25028a92227d2f2d5c
  languageName: node
  linkType: hard

"arg@npm:^4.1.0":
  version: 4.1.3
  resolution: "arg@npm:4.1.3"
  checksum: 070ff801a9d236a6caa647507bdcc7034530604844d64408149a26b9e87c2f97650055c0f049abd1efc024b334635c01f29e0b632b371ac3f26130f4cf65997a
  languageName: node
  linkType: hard

"arr-rotate@npm:^1.0.0":
  version: 1.0.0
  resolution: "arr-rotate@npm:1.0.0"
  checksum: f0fe35c373c10b9140e0ac4f8a8194904c7ec2bd7919c1cf713941af994450750afb66c8f001113023fcb4fcf5ff7591e88f6286bd4bcc500bc622f9d740d6e3
  languageName: node
  linkType: hard

"auto-bind@npm:^5.0.1":
  version: 5.0.1
  resolution: "auto-bind@npm:5.0.1"
  checksum: a703375350ea7b6e92405d8e6bcc6dbfb84b0d7c7172b33e5788a7593929a18227999ff9aa9c32436741d06d021e6672457b1cec73287efe3fab95cff6627eaf
  languageName: node
  linkType: hard

"balanced-match@npm:^1.0.0":
  version: 1.0.0
  resolution: "balanced-match@npm:1.0.0"
  checksum: d45f1aeec59d87562cd65415e2890b9fd6ab7fa89941a46fb2eb505e2165158680ee1be7110586cf86f3a9599f1b88ec4a7fcf57594560ca37814a560ab95f41
  languageName: node
  linkType: hard

"brace-expansion@npm:^2.0.1":
  version: 2.0.1
  resolution: "brace-expansion@npm:2.0.1"
  dependencies:
    balanced-match: "npm:^1.0.0"
  checksum: b358f2fe060e2d7a87aa015979ecea07f3c37d4018f8d6deb5bd4c229ad3a0384fe6029bb76cd8be63c81e516ee52d1a0673edbe2023d53a5191732ae3c3e49f
  languageName: node
  linkType: hard

"chalk@npm:^5.2.0, chalk@npm:^5.3.0":
  version: 5.3.0
  resolution: "chalk@npm:5.3.0"
  checksum: 8297d436b2c0f95801103ff2ef67268d362021b8210daf8ddbe349695333eb3610a71122172ff3b0272f1ef2cf7cc2c41fdaa4715f52e49ffe04c56340feed09
  languageName: node
  linkType: hard

"ci-info@npm:^3.2.0":
  version: 3.9.0
  resolution: "ci-info@npm:3.9.0"
  checksum: 6f0109e36e111684291d46123d491bc4e7b7a1934c3a20dea28cba89f1d4a03acd892f5f6a81ed3855c38647e285a150e3c9ba062e38943bef57fee6c1554c3a
  languageName: node
  linkType: hard

"cli-boxes@npm:^3.0.0":
  version: 3.0.0
  resolution: "cli-boxes@npm:3.0.0"
  checksum: 4db3e8fbfaf1aac4fb3a6cbe5a2d3fa048bee741a45371b906439b9ffc821c6e626b0f108bdcd3ddf126a4a319409aedcf39a0730573ff050fdd7b6731e99fb9
  languageName: node
  linkType: hard

"cli-cursor@npm:^4.0.0":
  version: 4.0.0
  resolution: "cli-cursor@npm:4.0.0"
  dependencies:
    restore-cursor: "npm:^4.0.0"
  checksum: e776e8c3c6727300d0539b0d25160b2bb56aed1a63942753ba1826b012f337a6f4b7ace3548402e4f2f13b5e16bfd751be672c44b203205e7eca8be94afec42c
  languageName: node
  linkType: hard

"cli-truncate@npm:^3.1.0":
  version: 3.1.0
  resolution: "cli-truncate@npm:3.1.0"
  dependencies:
    slice-ansi: "npm:^5.0.0"
    string-width: "npm:^5.0.0"
  checksum: a19088878409ec0e5dc2659a5166929629d93cfba6d68afc9cde2282fd4c751af5b555bf197047e31c87c574396348d011b7aa806fec29c4139ea4f7f00b324c
  languageName: node
  linkType: hard

"code-excerpt@npm:^4.0.0":
  version: 4.0.0
  resolution: "code-excerpt@npm:4.0.0"
  dependencies:
    convert-to-spaces: "npm:^2.0.1"
  checksum: b6c5a06e039cecd2ab6a0e10ee0831de8362107d1f298ca3558b5f9004cb8e0260b02dd6c07f57b9a0e346c76864d2873311ee1989809fdeb05bd5fbbadde773
  languageName: node
  linkType: hard

"convert-to-spaces@npm:^2.0.1":
  version: 2.0.1
  resolution: "convert-to-spaces@npm:2.0.1"
  checksum: d90aa0e3b6a27f9d5265a8d32def3c5c855b3e823a9db1f26d772f8146d6b91020a2fdfd905ce8048a73fad3aaf836fef8188c67602c374405e2ae8396c4ac46
  languageName: node
  linkType: hard

"create-require@npm:^1.1.0":
  version: 1.1.1
  resolution: "create-require@npm:1.1.1"
  checksum: 157cbc59b2430ae9a90034a5f3a1b398b6738bf510f713edc4d4e45e169bc514d3d99dd34d8d01ca7ae7830b5b8b537e46ae8f3c8f932371b0875c0151d7ec91
  languageName: node
  linkType: hard

"csstype@npm:^3.0.2":
  version: 3.0.7
  resolution: "csstype@npm:3.0.7"
  checksum: 5dbf4731ef791cb7e95f89d47623d943e6ac7657d5d313e711018a6687625604043985ff78409b7d8c43eccd47c84e2dde0d86eefd70f80d2d6d9735523f19d9
  languageName: node
  linkType: hard

"diff@npm:^4.0.1":
  version: 4.0.2
  resolution: "diff@npm:4.0.2"
  checksum: 81b91f9d39c4eaca068eb0c1eb0e4afbdc5bb2941d197f513dd596b820b956fef43485876226d65d497bebc15666aa2aa82c679e84f65d5f2bfbf14ee46e32c1
  languageName: node
  linkType: hard

"eastasianwidth@npm:^0.2.0":
  version: 0.2.0
  resolution: "eastasianwidth@npm:0.2.0"
  checksum: 26f364ebcdb6395f95124fda411f63137a4bfb5d3a06453f7f23dfe52502905bd84e0488172e0f9ec295fdc45f05c23d5d91baf16bd26f0fe9acd777a188dc39
  languageName: node
  linkType: hard

"emoji-regex@npm:^9.2.2":
  version: 9.2.2
  resolution: "emoji-regex@npm:9.2.2"
  checksum: af014e759a72064cf66e6e694a7fc6b0ed3d8db680427b021a89727689671cefe9d04151b2cad51dbaf85d5ba790d061cd167f1cf32eb7b281f6368b3c181639
  languageName: node
  linkType: hard

"escape-string-regexp@npm:^2.0.0":
  version: 2.0.0
  resolution: "escape-string-regexp@npm:2.0.0"
  checksum: 2530479fe8db57eace5e8646c9c2a9c80fa279614986d16dcc6bcaceb63ae77f05a851ba6c43756d816c61d7f4534baf56e3c705e3e0d884818a46808811c507
  languageName: node
  linkType: hard

"escape-string-regexp@npm:^5.0.0":
  version: 5.0.0
  resolution: "escape-string-regexp@npm:5.0.0"
  checksum: 6366f474c6f37a802800a435232395e04e9885919873e382b157ab7e8f0feb8fed71497f84a6f6a81a49aab41815522f5839112bd38026d203aea0c91622df95
  languageName: node
  linkType: hard

"figures@npm:^5.0.0":
  version: 5.0.0
  resolution: "figures@npm:5.0.0"
  dependencies:
    escape-string-regexp: "npm:^5.0.0"
    is-unicode-supported: "npm:^1.2.0"
  checksum: ce0f17d4ea8b0fc429c5207c343534a2f5284ecfb22aa08607da7dc84ed9e1cf754f5b97760e8dcb98d3c9d1a1e4d3d578fe3b5b99c426f05d0f06c7ba618e16
  languageName: node
  linkType: hard

"indent-string@npm:^5.0.0":
  version: 5.0.0
  resolution: "indent-string@npm:5.0.0"
  checksum: 8ee77b57d92e71745e133f6f444d6fa3ed503ad0e1bcd7e80c8da08b42375c07117128d670589725ed07b1978065803fa86318c309ba45415b7fe13e7f170220
  languageName: node
  linkType: hard

"ink-form@workspace:.":
  version: 0.0.0-use.local
  resolution: "ink-form@workspace:."
  dependencies:
    "@types/node": "npm:^14.14.45"
    "@types/react": "npm:^18.2.41"
    ink: "npm:^4.4.1"
    ink-select-input: "npm:^5.0.0"
    ink-text-input: "npm:^6.0.0"
    prettier: "npm:^2.2.1"
    react: "npm:^18.2.0"
    ts-node: "npm:^10.9.1"
    typedoc: "npm:^0.25.4"
    typescript: "npm:^5.3.2"
  peerDependencies:
    ink: ">=4"
    react: ">=18"
  languageName: unknown
  linkType: soft

"ink-select-input@npm:^5.0.0":
  version: 5.0.0
  resolution: "ink-select-input@npm:5.0.0"
  dependencies:
    arr-rotate: "npm:^1.0.0"
    figures: "npm:^5.0.0"
    lodash.isequal: "npm:^4.5.0"
  peerDependencies:
    ink: ^4.0.0
    react: ^18.0.0
  checksum: 2633d4accc0b91cfe9cc7171724b2355992c28e673c156d12bcb77fc629d9fd0d5616036c944af24b130c354c356152beacc06091c26409d347a0845a29fdfc7
  languageName: node
  linkType: hard

"ink-text-input@npm:^6.0.0":
  version: 6.0.0
  resolution: "ink-text-input@npm:6.0.0"
  dependencies:
    chalk: "npm:^5.3.0"
    type-fest: "npm:^4.18.2"
  peerDependencies:
    ink: ">=5"
    react: ">=18"
  checksum: 1f163d3c88e20719d4ff1fd32978f0e4892e47b75c86d6d33fd4e2f29b02a55c82ccd8f32a6b376dc45676ce42158e4805b32ffe46a705c93330532ba2de9828
  languageName: node
  linkType: hard

"ink@npm:^4.4.1":
  version: 4.4.1
  resolution: "ink@npm:4.4.1"
  dependencies:
    "@alcalzone/ansi-tokenize": "npm:^0.1.3"
    ansi-escapes: "npm:^6.0.0"
    auto-bind: "npm:^5.0.1"
    chalk: "npm:^5.2.0"
    cli-boxes: "npm:^3.0.0"
    cli-cursor: "npm:^4.0.0"
    cli-truncate: "npm:^3.1.0"
    code-excerpt: "npm:^4.0.0"
    indent-string: "npm:^5.0.0"
    is-ci: "npm:^3.0.1"
    is-lower-case: "npm:^2.0.2"
    is-upper-case: "npm:^2.0.2"
    lodash: "npm:^4.17.21"
    patch-console: "npm:^2.0.0"
    react-reconciler: "npm:^0.29.0"
    scheduler: "npm:^0.23.0"
    signal-exit: "npm:^3.0.7"
    slice-ansi: "npm:^6.0.0"
    stack-utils: "npm:^2.0.6"
    string-width: "npm:^5.1.2"
    type-fest: "npm:^0.12.0"
    widest-line: "npm:^4.0.1"
    wrap-ansi: "npm:^8.1.0"
    ws: "npm:^8.12.0"
    yoga-wasm-web: "npm:~0.3.3"
  peerDependencies:
    "@types/react": ">=18.0.0"
    react: ">=18.0.0"
    react-devtools-core: ^4.19.1
  peerDependenciesMeta:
    "@types/react":
      optional: true
    react-devtools-core:
      optional: true
  checksum: f89e7d1b53df9a4dbf5271d123d47de1ef974b5ef41c6fbb7bf0a8f1af7d6806788cb6d181eb3132b372255127bdc4074e7760d5526f28a5308e6b0d06e56dae
  languageName: node
  linkType: hard

"is-ci@npm:^3.0.1":
  version: 3.0.1
  resolution: "is-ci@npm:3.0.1"
  dependencies:
    ci-info: "npm:^3.2.0"
  bin:
    is-ci: bin.js
  checksum: 0e81caa62f4520d4088a5bef6d6337d773828a88610346c4b1119fb50c842587ed8bef1e5d9a656835a599e7209405b5761ddf2339668f2d0f4e889a92fe6051
  languageName: node
  linkType: hard

"is-fullwidth-code-point@npm:^4.0.0":
  version: 4.0.0
  resolution: "is-fullwidth-code-point@npm:4.0.0"
  checksum: df2a717e813567db0f659c306d61f2f804d480752526886954a2a3e2246c7745fd07a52b5fecf2b68caf0a6c79dcdace6166fdf29cc76ed9975cc334f0a018b8
  languageName: node
  linkType: hard

"is-lower-case@npm:^2.0.2":
  version: 2.0.2
  resolution: "is-lower-case@npm:2.0.2"
  dependencies:
    tslib: "npm:^2.0.3"
  checksum: c045e6a52dcc7c3857e2f8c850ded604cdc5269ff94625b03881cefc73bfc02f5099a1bc9bafa67793656711a40d4ab3e26e285a848e728506df20ead0ce8e2f
  languageName: node
  linkType: hard

"is-unicode-supported@npm:^1.2.0":
  version: 1.3.0
  resolution: "is-unicode-supported@npm:1.3.0"
  checksum: b8674ea95d869f6faabddc6a484767207058b91aea0250803cbf1221345cb0c56f466d4ecea375dc77f6633d248d33c47bd296fb8f4cdba0b4edba8917e83d8a
  languageName: node
  linkType: hard

"is-upper-case@npm:^2.0.2":
  version: 2.0.2
  resolution: "is-upper-case@npm:2.0.2"
  dependencies:
    tslib: "npm:^2.0.3"
  checksum: 2236f416484a2643d55a07cc95443cecf96cbc5fb0de7f24c506a8bc5cc4c4de885ab56c5ec946eadd95b3b7960bff7ed51cc88511fa8e8a9d92f2f8969622d9
  languageName: node
  linkType: hard

"js-tokens@npm:^3.0.0 || ^4.0.0":
  version: 4.0.0
  resolution: "js-tokens@npm:4.0.0"
  checksum: e248708d377aa058eacf2037b07ded847790e6de892bbad3dac0abba2e759cb9f121b00099a65195616badcb6eca8d14d975cb3e89eb1cfda644756402c8aeed
  languageName: node
  linkType: hard

"jsonc-parser@npm:^3.2.0":
  version: 3.2.0
  resolution: "jsonc-parser@npm:3.2.0"
  checksum: 5a12d4d04dad381852476872a29dcee03a57439574e4181d91dca71904fcdcc5e8e4706c0a68a2c61ad9810e1e1c5806b5100d52d3e727b78f5cdc595401045b
  languageName: node
  linkType: hard

"lodash.isequal@npm:^4.5.0":
  version: 4.5.0
  resolution: "lodash.isequal@npm:4.5.0"
  checksum: dfdb2356db19631a4b445d5f37868a095e2402292d59539a987f134a8778c62a2810c2452d11ae9e6dcac71fc9de40a6fedcb20e2952a15b431ad8b29e50e28f
  languageName: node
  linkType: hard

"lodash@npm:^4.17.21":
  version: 4.17.21
  resolution: "lodash@npm:4.17.21"
  checksum: d8cbea072bb08655bb4c989da418994b073a608dffa608b09ac04b43a791b12aeae7cd7ad919aa4c925f33b48490b5cfe6c1f71d827956071dae2e7bb3a6b74c
  languageName: node
  linkType: hard

"loose-envify@npm:^1.1.0":
  version: 1.4.0
  resolution: "loose-envify@npm:1.4.0"
  dependencies:
    js-tokens: "npm:^3.0.0 || ^4.0.0"
  bin:
    loose-envify: cli.js
  checksum: 655d110220983c1a4b9c0c679a2e8016d4b67f6e9c7b5435ff5979ecdb20d0813f4dec0a08674fcbdd4846a3f07edbb50a36811fd37930b94aaa0d9daceb017e
  languageName: node
  linkType: hard

"lunr@npm:^2.3.9":
  version: 2.3.9
  resolution: "lunr@npm:2.3.9"
  checksum: 77d7dbb4fbd602aac161e2b50887d8eda28c0fa3b799159cee380fbb311f1e614219126ecbbd2c3a9c685f1720a8109b3c1ca85cc893c39b6c9cc6a62a1d8a8b
  languageName: node
  linkType: hard

"make-error@npm:^1.1.1":
  version: 1.3.6
  resolution: "make-error@npm:1.3.6"
  checksum: 171e458d86854c6b3fc46610cfacf0b45149ba043782558c6875d9f42f222124384ad0b468c92e996d815a8a2003817a710c0a160e49c1c394626f76fa45396f
  languageName: node
  linkType: hard

"marked@npm:^4.3.0":
  version: 4.3.0
  resolution: "marked@npm:4.3.0"
  bin:
    marked: bin/marked.js
  checksum: 0013463855e31b9c88d8bb2891a611d10ef1dc79f2e3cbff1bf71ba389e04c5971298c886af0be799d7fa9aa4593b086a136062d59f1210b0480b026a8c5dc47
  languageName: node
  linkType: hard

"mimic-fn@npm:^2.1.0":
  version: 2.1.0
  resolution: "mimic-fn@npm:2.1.0"
  checksum: b26f5479d7ec6cc2bce275a08f146cf78f5e7b661b18114e2506dd91ec7ec47e7a25bf4360e5438094db0560bcc868079fb3b1fb3892b833c1ecbf63f80c95a4
  languageName: node
  linkType: hard

"minimatch@npm:^9.0.3":
  version: 9.0.3
  resolution: "minimatch@npm:9.0.3"
  dependencies:
    brace-expansion: "npm:^2.0.1"
  checksum: 85f407dcd38ac3e180f425e86553911d101455ca3ad5544d6a7cec16286657e4f8a9aa6695803025c55e31e35a91a2252b5dc8e7d527211278b8b65b4dbd5eac
  languageName: node
  linkType: hard

"onetime@npm:^5.1.0":
  version: 5.1.2
  resolution: "onetime@npm:5.1.2"
  dependencies:
    mimic-fn: "npm:^2.1.0"
  checksum: ffcef6fbb2692c3c40749f31ea2e22677a876daea92959b8a80b521d95cca7a668c884d8b2045d1d8ee7d56796aa405c405462af112a1477594cc63531baeb8f
  languageName: node
  linkType: hard

"patch-console@npm:^2.0.0":
  version: 2.0.0
  resolution: "patch-console@npm:2.0.0"
  checksum: 486602591a0af7af8d4c76d8eea42cad32b6de7200488819c6383c75e43733ca7bdc80e30f2e68ce05f06a1607cce1683a1706c6672ca27dada1921b366e8f1c
  languageName: node
  linkType: hard

"prettier@npm:^2.2.1":
  version: 2.2.1
  resolution: "prettier@npm:2.2.1"
  bin:
    prettier: bin-prettier.js
  checksum: 4041ff87d6cba9134a8e0eb74a9e7f50f7091de6b95f5a6fb1928795c7d0584ae46806e0d75588fbc912b2cda2439d28a14fb84416946384cf71d60f5a0a68a6
  languageName: node
  linkType: hard

"react-reconciler@npm:^0.29.0":
  version: 0.29.0
  resolution: "react-reconciler@npm:0.29.0"
  dependencies:
    loose-envify: "npm:^1.1.0"
    scheduler: "npm:^0.23.0"
  peerDependencies:
    react: ^18.2.0
  checksum: 637442f98ee816b8f86586f537712a0463b53e12c0f4dec716dfdde68dfa52cef1d10138acfad194d5571296cde8715c331aa3986e538087acdc1ef83187a9b0
  languageName: node
  linkType: hard

"react@npm:^18.2.0":
  version: 18.2.0
  resolution: "react@npm:18.2.0"
  dependencies:
    loose-envify: "npm:^1.1.0"
  checksum: b562d9b569b0cb315e44b48099f7712283d93df36b19a39a67c254c6686479d3980b7f013dc931f4a5a3ae7645eae6386b4aa5eea933baa54ecd0f9acb0902b8
  languageName: node
  linkType: hard

"restore-cursor@npm:^4.0.0":
  version: 4.0.0
  resolution: "restore-cursor@npm:4.0.0"
  dependencies:
    onetime: "npm:^5.1.0"
    signal-exit: "npm:^3.0.2"
  checksum: 6f7da8c5e422ac26aa38354870b1afac09963572cf2879443540449068cb43476e9cbccf6f8de3e0171e0d6f7f533c2bc1a0a008003c9a525bbc098e89041318
  languageName: node
  linkType: hard

"scheduler@npm:^0.23.0":
  version: 0.23.0
  resolution: "scheduler@npm:0.23.0"
  dependencies:
    loose-envify: "npm:^1.1.0"
  checksum: b777f7ca0115e6d93e126ac490dbd82642d14983b3079f58f35519d992fa46260be7d6e6cede433a92db70306310c6f5f06e144f0e40c484199e09c1f7be53dd
  languageName: node
  linkType: hard

"shiki@npm:^0.14.1":
  version: 0.14.5
  resolution: "shiki@npm:0.14.5"
  dependencies:
    ansi-sequence-parser: "npm:^1.1.0"
    jsonc-parser: "npm:^3.2.0"
    vscode-oniguruma: "npm:^1.7.0"
    vscode-textmate: "npm:^8.0.0"
  checksum: 50d33bd30c5b96a93f5ac07dc55eba4fdf4d2b373cb36f8f6559cceae52acc3290d91bce250753d3e6010bc4093af7b3a9f254ec93731545ce4d27565c24dad3
  languageName: node
  linkType: hard

"signal-exit@npm:^3.0.2":
  version: 3.0.3
  resolution: "signal-exit@npm:3.0.3"
  checksum: 645cf460a417158e7d7fd03fb276aa12aecc49ab61a2ea36dac1987870a454e8af476ed926c8a8713a1adfde69c5964a4ca322c87fcca2367b36e1681207cf5f
  languageName: node
  linkType: hard

"signal-exit@npm:^3.0.7":
  version: 3.0.7
  resolution: "signal-exit@npm:3.0.7"
  checksum: 25d272fa73e146048565e08f3309d5b942c1979a6f4a58a8c59d5fa299728e9c2fcd1a759ec870863b1fd38653670240cd420dad2ad9330c71f36608a6a1c912
  languageName: node
  linkType: hard

"slice-ansi@npm:^5.0.0":
  version: 5.0.0
  resolution: "slice-ansi@npm:5.0.0"
  dependencies:
    ansi-styles: "npm:^6.0.0"
    is-fullwidth-code-point: "npm:^4.0.0"
  checksum: 2d4d40b2a9d5cf4e8caae3f698fe24ae31a4d778701724f578e984dcb485ec8c49f0c04dab59c401821e80fcdfe89cace9c66693b0244e40ec485d72e543914f
  languageName: node
  linkType: hard

"slice-ansi@npm:^6.0.0":
  version: 6.0.0
  resolution: "slice-ansi@npm:6.0.0"
  dependencies:
    ansi-styles: "npm:^6.2.1"
    is-fullwidth-code-point: "npm:^4.0.0"
  checksum: d105f1296c2c5744a1fb5bedd69ad55596fabe95b0b3533c046969dd34d928b4794ff46ef18054d8f5786d6fbc7d8b94937391c10f8db89d8c236e47403223b8
  languageName: node
  linkType: hard

"stack-utils@npm:^2.0.6":
  version: 2.0.6
  resolution: "stack-utils@npm:2.0.6"
  dependencies:
    escape-string-regexp: "npm:^2.0.0"
  checksum: 651c9f87667e077584bbe848acaecc6049bc71979f1e9a46c7b920cad4431c388df0f51b8ad7cfd6eed3db97a2878d0fc8b3122979439ea8bac29c61c95eec8a
  languageName: node
  linkType: hard

"string-width@npm:^5.0.0, string-width@npm:^5.0.1, string-width@npm:^5.1.2":
  version: 5.1.2
  resolution: "string-width@npm:5.1.2"
  dependencies:
    eastasianwidth: "npm:^0.2.0"
    emoji-regex: "npm:^9.2.2"
    strip-ansi: "npm:^7.0.1"
  checksum: ab9c4264443d35b8b923cbdd513a089a60de339216d3b0ed3be3ba57d6880e1a192b70ae17225f764d7adbf5994e9bb8df253a944736c15a0240eff553c678ca
  languageName: node
  linkType: hard

"strip-ansi@npm:^7.0.1":
  version: 7.1.0
  resolution: "strip-ansi@npm:7.1.0"
  dependencies:
    ansi-regex: "npm:^6.0.1"
  checksum: a198c3762e8832505328cbf9e8c8381de14a4fa50a4f9b2160138158ea88c0f5549fb50cb13c651c3088f47e63a108b34622ec18c0499b6c8c3a5ddf6b305ac4
  languageName: node
  linkType: hard

"ts-node@npm:^10.9.1":
  version: 10.9.1
  resolution: "ts-node@npm:10.9.1"
  dependencies:
    "@cspotcode/source-map-support": "npm:^0.8.0"
    "@tsconfig/node10": "npm:^1.0.7"
    "@tsconfig/node12": "npm:^1.0.7"
    "@tsconfig/node14": "npm:^1.0.0"
    "@tsconfig/node16": "npm:^1.0.2"
    acorn: "npm:^8.4.1"
    acorn-walk: "npm:^8.1.1"
    arg: "npm:^4.1.0"
    create-require: "npm:^1.1.0"
    diff: "npm:^4.0.1"
    make-error: "npm:^1.1.1"
    v8-compile-cache-lib: "npm:^3.0.1"
    yn: "npm:3.1.1"
  peerDependencies:
    "@swc/core": ">=1.2.50"
    "@swc/wasm": ">=1.2.50"
    "@types/node": "*"
    typescript: ">=2.7"
  peerDependenciesMeta:
    "@swc/core":
      optional: true
    "@swc/wasm":
      optional: true
  bin:
    ts-node: dist/bin.js
    ts-node-cwd: dist/bin-cwd.js
    ts-node-esm: dist/bin-esm.js
    ts-node-script: dist/bin-script.js
    ts-node-transpile-only: dist/bin-transpile.js
    ts-script: dist/bin-script-deprecated.js
  checksum: 95187932fb83f3901e22546bd2feeac7d2feb4f412f42ac3a595f049a23e8dcf70516dffb51866391228ea2dbcfaea039e250fb2bb334d48a86ab2b6aea0ae2d
  languageName: node
  linkType: hard

"tslib@npm:^2.0.3":
  version: 2.6.2
  resolution: "tslib@npm:2.6.2"
  checksum: e03a8a4271152c8b26604ed45535954c0a45296e32445b4b87f8a5abdb2421f40b59b4ca437c4346af0f28179780d604094eb64546bee2019d903d01c6c19bdb
  languageName: node
  linkType: hard

"type-fest@npm:^0.12.0":
  version: 0.12.0
  resolution: "type-fest@npm:0.12.0"
  checksum: 7f88f99fe4aaf2c2e2b0a601c63164e3b218b9378c9bc5d8b514c5170eabd4732abd3f74bb97323c387ae340021d1d814369ef52ab8057481cb785e5306f23ac
  languageName: node
  linkType: hard

"type-fest@npm:^3.0.0":
  version: 3.13.1
  resolution: "type-fest@npm:3.13.1"
  checksum: 547d22186f73a8c04590b70dcf63baff390078c75ea8acd366bbd510fd0646e348bd1970e47ecf795b7cff0b41d26e9c475c1fedd6ef5c45c82075fbf916b629
  languageName: node
  linkType: hard

"type-fest@npm:^4.18.2":
  version: 4.18.2
  resolution: "type-fest@npm:4.18.2"
  checksum: 5e669128bf7cbc9f9cea4e4862c974517a1d9f77652589c2ac0908a8be5d852d4e52593ed14f4d8a44a604fb5e8a8ec1b658e461acd8bb7592f5e5265a04cbab
  languageName: node
  linkType: hard

"typedoc@npm:^0.25.4":
  version: 0.25.4
  resolution: "typedoc@npm:0.25.4"
  dependencies:
    lunr: "npm:^2.3.9"
    marked: "npm:^4.3.0"
    minimatch: "npm:^9.0.3"
    shiki: "npm:^0.14.1"
  peerDependencies:
    typescript: 4.6.x || 4.7.x || 4.8.x || 4.9.x || 5.0.x || 5.1.x || 5.2.x || 5.3.x
  bin:
    typedoc: bin/typedoc
  checksum: 2790b3f16b26a477cfc9b72f81b4f209c885c554f9c7b2557d5d85ea4c8bd6a51584af8d29eec123a26398c4986f52b0c3c7a9c32352a223c33a96bd211f288f
  languageName: node
  linkType: hard

"typescript@npm:^5.3.2":
  version: 5.3.2
  resolution: "typescript@npm:5.3.2"
  bin:
    tsc: bin/tsc
    tsserver: bin/tsserver
  checksum: d7dbe1fbe19039e36a65468ea64b5d338c976550394ba576b7af9c68ed40c0bc5d12ecce390e4b94b287a09a71bd3229f19c2d5680611f35b7c53a3898791159
  languageName: node
  linkType: hard

"typescript@patch:typescript@npm%3A^5.3.2#optional!builtin<compat/typescript>":
  version: 5.3.2
  resolution: "typescript@patch:typescript@npm%3A5.3.2#optional!builtin<compat/typescript>::version=5.3.2&hash=14eedb"
  bin:
    tsc: bin/tsc
    tsserver: bin/tsserver
  checksum: c81b9bd20c6dbe90fa43e876c586021447f2b47baede9fa542b1f56715835c043e23b2eaf19c42c067cc6f5ae512bd9a9be28a67b3a1d9807f8c9cfb1269875e
  languageName: node
  linkType: hard

"v8-compile-cache-lib@npm:^3.0.1":
  version: 3.0.1
  resolution: "v8-compile-cache-lib@npm:3.0.1"
  checksum: bdc36fb8095d3b41df197f5fb6f11e3a26adf4059df3213e3baa93810d8f0cc76f9a74aaefc18b73e91fe7e19154ed6f134eda6fded2e0f1c8d2272ed2d2d391
  languageName: node
  linkType: hard

"vscode-oniguruma@npm:^1.7.0":
  version: 1.7.0
  resolution: "vscode-oniguruma@npm:1.7.0"
  checksum: bef0073c665ddf8c86e51da94529c905856559e9aba97a9882f951acd572da560384775941ab6e7e8db94d9c578b25fefb951e4b73c37e8712e16b0231de2689
  languageName: node
  linkType: hard

"vscode-textmate@npm:^8.0.0":
  version: 8.0.0
  resolution: "vscode-textmate@npm:8.0.0"
  checksum: 836f7fe73fc94998a38ca193df48173a2b6eab08b4943d83c8cac9a2a0c3546cfdab4cf1b10b890ec4a4374c5bee03a885ef0e83e7fd2bd618cf00781c017c04
  languageName: node
  linkType: hard

"widest-line@npm:^4.0.1":
  version: 4.0.1
  resolution: "widest-line@npm:4.0.1"
  dependencies:
    string-width: "npm:^5.0.1"
  checksum: 7da9525ba45eaf3e4ed1a20f3dcb9b85bd9443962450694dae950f4bdd752839747bbc14713522b0b93080007de8e8af677a61a8c2114aa553ad52bde72d0f9c
  languageName: node
  linkType: hard

"wrap-ansi@npm:^8.1.0":
  version: 8.1.0
  resolution: "wrap-ansi@npm:8.1.0"
  dependencies:
    ansi-styles: "npm:^6.1.0"
    string-width: "npm:^5.0.1"
    strip-ansi: "npm:^7.0.1"
  checksum: 138ff58a41d2f877eae87e3282c0630fc2789012fc1af4d6bd626eeb9a2f9a65ca92005e6e69a75c7b85a68479fe7443c7dbe1eb8fbaa681a4491364b7c55c60
  languageName: node
  linkType: hard

"ws@npm:^8.12.0":
  version: 8.14.2
  resolution: "ws@npm:8.14.2"
  peerDependencies:
    bufferutil: ^4.0.1
    utf-8-validate: ">=5.0.2"
  peerDependenciesMeta:
    bufferutil:
      optional: true
    utf-8-validate:
      optional: true
  checksum: 35b4c2da048b8015c797fd14bcb5a5766216ce65c8a5965616a5440ca7b6c3681ee3cbd0ea0c184a59975556e9d58f2002abf8485a14d11d3371770811050a16
  languageName: node
  linkType: hard

"yn@npm:3.1.1":
  version: 3.1.1
  resolution: "yn@npm:3.1.1"
  checksum: 0732468dd7622ed8a274f640f191f3eaf1f39d5349a1b72836df484998d7d9807fbea094e2f5486d6b0cd2414aad5775972df0e68f8604db89a239f0f4bf7443
  languageName: node
  linkType: hard

"yoga-wasm-web@npm:~0.3.3":
  version: 0.3.3
  resolution: "yoga-wasm-web@npm:0.3.3"
  checksum: d46ae3a436409e89eb0ea3b8c7624dafaf2c846d9038fdf8aa0cc839f73a2577b679bdc22997596177de74c580a6cdc3206c98fd2acd91b66f85462d9d9d260a
  languageName: node
  linkType: hard
