# This file is generated by running "yarn install" inside your project.
# Manual changes might be lost - proceed with caution!

__metadata:
  version: 6
  cacheKey: 8

"@alcalzone/ansi-tokenize@npm:^0.1.3":
  version: 0.1.3
  resolution: "@alcalzone/ansi-tokenize@npm:0.1.3"
  dependencies:
    ansi-styles: "npm:^6.2.1"
    is-fullwidth-code-point: "npm:^4.0.0"
  checksum: 41240c3024cf7b049f4d9ccf187b5f02cf8d64be5bab75762f2461abd5a4cfdb27d8bb6d699308a461b1b5f2b85a4031c96e184de28e968b442d848c179473c3
  languageName: node
  linkType: hard

"@cspotcode/source-map-support@npm:^0.8.0":
  version: 0.8.1
  resolution: "@cspotcode/source-map-support@npm:0.8.1"
  dependencies:
    "@jridgewell/trace-mapping": "npm:0.3.9"
  checksum: 5718f267085ed8edb3e7ef210137241775e607ee18b77d95aa5bd7514f47f5019aa2d82d96b3bf342ef7aa890a346fa1044532ff7cc3009e7d24fce3ce6200fa
  languageName: node
  linkType: hard

"@jridgewell/resolve-uri@npm:^3.0.3":
  version: 3.1.1
  resolution: "@jridgewell/resolve-uri@npm:3.1.1"
  checksum: f5b441fe7900eab4f9155b3b93f9800a916257f4e8563afbcd3b5a5337b55e52bd8ae6735453b1b745457d9f6cdb16d74cd6220bbdd98cf153239e13f6cbb653
  languageName: node
  linkType: hard

"@jridgewell/sourcemap-codec@npm:^1.4.10":
  version: 1.4.15
  resolution: "@jridgewell/sourcemap-codec@npm:1.4.15"
  checksum: b881c7e503db3fc7f3c1f35a1dd2655a188cc51a3612d76efc8a6eb74728bef5606e6758ee77423e564092b4a518aba569bbb21c9bac5ab7a35b0c6ae7e344c8
  languageName: node
  linkType: hard

"@jridgewell/trace-mapping@npm:0.3.9":
  version: 0.3.9
  resolution: "@jridgewell/trace-mapping@npm:0.3.9"
  dependencies:
    "@jridgewell/resolve-uri": "npm:^3.0.3"
    "@jridgewell/sourcemap-codec": "npm:^1.4.10"
  checksum: d89597752fd88d3f3480845691a05a44bd21faac18e2185b6f436c3b0fd0c5a859fbbd9aaa92050c4052caf325ad3e10e2e1d1b64327517471b7d51babc0ddef
  languageName: node
  linkType: hard

"@kwsites/file-exists@npm:^1.1.1":
  version: 1.1.1
  resolution: "@kwsites/file-exists@npm:1.1.1"
  dependencies:
    debug: ^4.1.1
  checksum: 4ff945de7293285133aeae759caddc71e73c4a44a12fac710fdd4f574cce2671a3f89d8165fdb03d383cfc97f3f96f677d8de3c95133da3d0e12a123a23109fe
  languageName: node
  linkType: hard

"@kwsites/promise-deferred@npm:^1.1.1":
  version: 1.1.1
  resolution: "@kwsites/promise-deferred@npm:1.1.1"
  checksum: 07455477a0123d9a38afb503739eeff2c5424afa8d3dbdcc7f9502f13604488a4b1d9742fc7288832a52a6422cf1e1c0a1d51f69a39052f14d27c9a0420b6629
  languageName: node
  linkType: hard

"@octokit/auth-token@npm:^3.0.0":
  version: 3.0.4
  resolution: "@octokit/auth-token@npm:3.0.4"
  checksum: 42f533a873d4192e6df406b3176141c1f95287423ebdc4cf23a38bb77ee00ccbc0e60e3fbd5874234fc2ed2e67bbc6035e3b0561dacc1d078adb5c4ced3579e3
  languageName: node
  linkType: hard

"@octokit/core@npm:^4.2.1":
  version: 4.2.4
  resolution: "@octokit/core@npm:4.2.4"
  dependencies:
    "@octokit/auth-token": ^3.0.0
    "@octokit/graphql": ^5.0.0
    "@octokit/request": ^6.0.0
    "@octokit/request-error": ^3.0.0
    "@octokit/types": ^9.0.0
    before-after-hook: ^2.2.0
    universal-user-agent: ^6.0.0
  checksum: ac8ab47440a31b0228a034aacac6994b64d6b073ad5b688b4c5157fc5ee0d1af1c926e6087bf17fd7244ee9c5998839da89065a90819bde4a97cb77d4edf58a6
  languageName: node
  linkType: hard

"@octokit/endpoint@npm:^7.0.0":
  version: 7.0.6
  resolution: "@octokit/endpoint@npm:7.0.6"
  dependencies:
    "@octokit/types": ^9.0.0
    is-plain-object: ^5.0.0
    universal-user-agent: ^6.0.0
  checksum: 7caebf30ceec50eb7f253341ed419df355232f03d4638a95c178ee96620400db7e4a5e15d89773fe14db19b8653d4ab4cc81b2e93ca0c760b4e0f7eb7ad80301
  languageName: node
  linkType: hard

"@octokit/graphql@npm:^5.0.0":
  version: 5.0.6
  resolution: "@octokit/graphql@npm:5.0.6"
  dependencies:
    "@octokit/request": ^6.0.0
    "@octokit/types": ^9.0.0
    universal-user-agent: ^6.0.0
  checksum: 7be545d348ef31dcab0a2478dd64d5746419a2f82f61459c774602bcf8a9b577989c18001f50b03f5f61a3d9e34203bdc021a4e4d75ff2d981e8c9c09cf8a65c
  languageName: node
  linkType: hard

"@octokit/openapi-types@npm:^18.0.0":
  version: 18.1.1
  resolution: "@octokit/openapi-types@npm:18.1.1"
  checksum: 94f42977fd2fcb9983c781fd199bc11218885a1226d492680bfb1268524a1b2af48a768eef90c63b80a2874437de641d59b3b7f640a5afa93e7c21fe1a79069a
  languageName: node
  linkType: hard

"@octokit/plugin-paginate-rest@npm:^6.1.2":
  version: 6.1.2
  resolution: "@octokit/plugin-paginate-rest@npm:6.1.2"
  dependencies:
    "@octokit/tsconfig": ^1.0.2
    "@octokit/types": ^9.2.3
  peerDependencies:
    "@octokit/core": ">=4"
  checksum: a7b3e686c7cbd27ec07871cde6e0b1dc96337afbcef426bbe3067152a17b535abd480db1861ca28c88d93db5f7bfdbcadd0919ead19818c28a69d0e194038065
  languageName: node
  linkType: hard

"@octokit/plugin-request-log@npm:^1.0.4":
  version: 1.0.4
  resolution: "@octokit/plugin-request-log@npm:1.0.4"
  peerDependencies:
    "@octokit/core": ">=3"
  checksum: 2086db00056aee0f8ebd79797b5b57149ae1014e757ea08985b71eec8c3d85dbb54533f4fd34b6b9ecaa760904ae6a7536be27d71e50a3782ab47809094bfc0c
  languageName: node
  linkType: hard

"@octokit/plugin-rest-endpoint-methods@npm:^7.1.2":
  version: 7.2.3
  resolution: "@octokit/plugin-rest-endpoint-methods@npm:7.2.3"
  dependencies:
    "@octokit/types": ^10.0.0
  peerDependencies:
    "@octokit/core": ">=3"
  checksum: 21dfb98514dbe900c29cddb13b335bbce43d613800c6b17eba3c1fd31d17e69c1960f3067f7bf864bb38fdd5043391f4a23edee42729d8c7fbabd00569a80336
  languageName: node
  linkType: hard

"@octokit/request-error@npm:^3.0.0":
  version: 3.0.3
  resolution: "@octokit/request-error@npm:3.0.3"
  dependencies:
    "@octokit/types": ^9.0.0
    deprecation: ^2.0.0
    once: ^1.4.0
  checksum: 5db0b514732686b627e6ed9ef1ccdbc10501f1b271a9b31f784783f01beee70083d7edcfeb35fbd7e569fa31fdd6762b1ff6b46101700d2d97e7e48e749520d0
  languageName: node
  linkType: hard

"@octokit/request@npm:^6.0.0":
  version: 6.2.8
  resolution: "@octokit/request@npm:6.2.8"
  dependencies:
    "@octokit/endpoint": ^7.0.0
    "@octokit/request-error": ^3.0.0
    "@octokit/types": ^9.0.0
    is-plain-object: ^5.0.0
    node-fetch: ^2.6.7
    universal-user-agent: ^6.0.0
  checksum: 3747106f50d7c462131ff995b13defdd78024b7becc40283f4ac9ea0af2391ff33a0bb476a05aa710346fe766d20254979079a1d6f626112015ba271fe38f3e2
  languageName: node
  linkType: hard

"@octokit/rest@npm:^19.0.7":
  version: 19.0.13
  resolution: "@octokit/rest@npm:19.0.13"
  dependencies:
    "@octokit/core": ^4.2.1
    "@octokit/plugin-paginate-rest": ^6.1.2
    "@octokit/plugin-request-log": ^1.0.4
    "@octokit/plugin-rest-endpoint-methods": ^7.1.2
  checksum: ca1553e3fe46efabffef60e68e4a228d4cc0f0d545daf7f019560f666d3e934c6f3a6402a42bbd786af4f3c0a6e69380776312f01b7d52998fe1bbdd1b068f69
  languageName: node
  linkType: hard

"@octokit/tsconfig@npm:^1.0.2":
  version: 1.0.2
  resolution: "@octokit/tsconfig@npm:1.0.2"
  checksum: 74d56f3e9f326a8dd63700e9a51a7c75487180629c7a68bbafee97c612fbf57af8347369bfa6610b9268a3e8b833c19c1e4beb03f26db9a9dce31f6f7a19b5b1
  languageName: node
  linkType: hard

"@octokit/types@npm:^10.0.0":
  version: 10.0.0
  resolution: "@octokit/types@npm:10.0.0"
  dependencies:
    "@octokit/openapi-types": ^18.0.0
  checksum: 8aafba2ff0cd2435fb70c291bf75ed071c0fa8a865cf6169648732068a35dec7b85a345851f18920ec5f3e94ee0e954988485caac0da09ec3f6781cc44fe153a
  languageName: node
  linkType: hard

"@octokit/types@npm:^9.0.0, @octokit/types@npm:^9.2.3":
  version: 9.3.2
  resolution: "@octokit/types@npm:9.3.2"
  dependencies:
    "@octokit/openapi-types": ^18.0.0
  checksum: f55d096aaed3e04b8308d4422104fb888f355988056ba7b7ef0a4c397b8a3e54290d7827b06774dbe0c9ce55280b00db486286954f9c265aa6b03091026d9da8
  languageName: node
  linkType: hard

"@tsconfig/node10@npm:^1.0.7":
  version: 1.0.9
  resolution: "@tsconfig/node10@npm:1.0.9"
  checksum: a33ae4dc2a621c0678ac8ac4bceb8e512ae75dac65417a2ad9b022d9b5411e863c4c198b6ba9ef659e14b9fb609bbec680841a2e84c1172df7a5ffcf076539df
  languageName: node
  linkType: hard

"@tsconfig/node12@npm:^1.0.7":
  version: 1.0.11
  resolution: "@tsconfig/node12@npm:1.0.11"
  checksum: 5ce29a41b13e7897a58b8e2df11269c5395999e588b9a467386f99d1d26f6c77d1af2719e407621412520ea30517d718d5192a32403b8dfcc163bf33e40a338a
  languageName: node
  linkType: hard

"@tsconfig/node14@npm:^1.0.0":
  version: 1.0.3
  resolution: "@tsconfig/node14@npm:1.0.3"
  checksum: 19275fe80c4c8d0ad0abed6a96dbf00642e88b220b090418609c4376e1cef81bf16237bf170ad1b341452feddb8115d8dd2e5acdfdea1b27422071163dc9ba9d
  languageName: node
  linkType: hard

"@tsconfig/node16@npm:^1.0.2":
  version: 1.0.4
  resolution: "@tsconfig/node16@npm:1.0.4"
  checksum: 202319785901f942a6e1e476b872d421baec20cf09f4b266a1854060efbf78cde16a4d256e8bc949d31e6cd9a90f1e8ef8fb06af96a65e98338a2b6b0de0a0ff
  languageName: node
  linkType: hard

"@types/node@npm:^14.14.45":
  version: 14.18.63
  resolution: "@types/node@npm:14.18.63"
  checksum: be909061a54931778c71c49dc562586c32f909c4b6197e3d71e6dac726d8bd9fccb9f599c0df99f52742b68153712b5097c0f00cac4e279fa894b0ea6719a8fd
  languageName: node
  linkType: hard

"@types/prop-types@npm:*":
  version: 15.7.3
  resolution: "@types/prop-types@npm:15.7.3"
  checksum: 41831d53c44c9eeafdaf9762bcb4553c13a3bbf990745ed9065a1cc3581b80633113b53fd49b202bf51731b258da5d0a9aa09c9035d5af7f78b0f6bc273f1325
  languageName: node
  linkType: hard

"@types/react@npm:^18.2.41":
  version: 18.2.41
  resolution: "@types/react@npm:18.2.41"
  dependencies:
    "@types/prop-types": "npm:*"
    "@types/scheduler": "npm:*"
    csstype: "npm:^3.0.2"
  checksum: fcf4c598e5adc1be1dafaa5977ff7698b5b69c6b1473ce524a28d57fa04af3f1a1aa1193cf284542451d98ae5338d26270f8c6e1f7afda5bbbe6c3a4ba40b1d8
  languageName: node
  linkType: hard

"@types/scheduler@npm:*":
  version: 0.16.8
  resolution: "@types/scheduler@npm:0.16.8"
  checksum: 6c091b096daa490093bf30dd7947cd28e5b2cd612ec93448432b33f724b162587fed9309a0acc104d97b69b1d49a0f3fc755a62282054d62975d53d7fd13472d
  languageName: node
  linkType: hard

"acorn-walk@npm:^8.1.1":
  version: 8.3.0
  resolution: "acorn-walk@npm:8.3.0"
  checksum: 15ea56ab6529135be05e7d018f935ca80a572355dd3f6d3cd717e36df3346e0f635a93ae781b1c7942607693e2e5f3ef81af5c6fc697bbadcc377ebda7b7f5f6
  languageName: node
  linkType: hard

"acorn@npm:^8.4.1":
  version: 8.11.2
  resolution: "acorn@npm:8.11.2"
  bin:
    acorn: bin/acorn
  checksum: 818450408684da89423e3daae24e4dc9b68692db8ab49ea4569c7c5abb7a3f23669438bf129cc81dfdada95e1c9b944ee1bfca2c57a05a4dc73834a612fbf6a7
  languageName: node
  linkType: hard

"ansi-escapes@npm:^6.0.0":
  version: 6.2.0
  resolution: "ansi-escapes@npm:6.2.0"
  dependencies:
    type-fest: "npm:^3.0.0"
  checksum: f0bc667d5f1ededc3ea89b73c34f0cba95473525b07e1290ddfd3fc868c94614e95f3549f5c4fd0c05424af7d3fd298101fb3d9a52a597d3782508b340783bd7
  languageName: node
  linkType: hard

"ansi-regex@npm:^6.0.1":
  version: 6.0.1
  resolution: "ansi-regex@npm:6.0.1"
  checksum: 1ff8b7667cded1de4fa2c9ae283e979fc87036864317da86a2e546725f96406746411d0d85e87a2d12fa5abd715d90006de7fa4fa0477c92321ad3b4c7d4e169
  languageName: node
  linkType: hard

"ansi-sequence-parser@npm:^1.1.0":
  version: 1.1.1
  resolution: "ansi-sequence-parser@npm:1.1.1"
  checksum: ead5b15c596e8e85ca02951a844366c6776769dcc9fd1bd3a0db11bb21364554822c6a439877fb599e7e1ffa0b5f039f1e5501423950457f3dcb2f480c30b188
  languageName: node
  linkType: hard

"ansi-styles@npm:^6.0.0, ansi-styles@npm:^6.1.0, ansi-styles@npm:^6.2.1":
  version: 6.2.1
  resolution: "ansi-styles@npm:6.2.1"
  checksum: ef940f2f0ced1a6347398da88a91da7930c33ecac3c77b72c5905f8b8fe402c52e6fde304ff5347f616e27a742da3f1dc76de98f6866c69251ad0b07a66776d9
  languageName: node
  linkType: hard

"arg@npm:^4.1.0":
  version: 4.1.3
  resolution: "arg@npm:4.1.3"
  checksum: 544af8dd3f60546d3e4aff084d451b96961d2267d668670199692f8d054f0415d86fc5497d0e641e91546f0aa920e7c29e5250e99fc89f5552a34b5d93b77f43
  languageName: node
  linkType: hard

"arr-rotate@npm:^1.0.0":
  version: 1.0.0
  resolution: "arr-rotate@npm:1.0.0"
  checksum: f996e94a7b8325c23fe3d7bf95f4f1a5fd1baba34c6bcebb5a8bd0f9b955569293f4cc61f02b0a242380923fca235948e95f6dbf544a6f183207d80e8f2d442d
  languageName: node
  linkType: hard

"auto-bind@npm:^5.0.1":
  version: 5.0.1
  resolution: "auto-bind@npm:5.0.1"
  checksum: 44a6d8d040c4382e761922f8fa1b044e18ddefbc855fecee0c76ec6b4e6fc74adda21026bc86e190833e05f52b4b6615372c2a83a734858f8395b1e2a98b253a
  languageName: node
  linkType: hard

"balanced-match@npm:^1.0.0":
  version: 1.0.0
  resolution: "balanced-match@npm:1.0.0"
  checksum: 9b67bfe558772f40cf743a3469b48b286aecec2ea9fe80c48d74845e53aab1cef524fafedf123a63019b49ac397760573ef5f173f539423061f7217cbb5fbd40
  languageName: node
  linkType: hard

"before-after-hook@npm:^2.2.0":
  version: 2.2.3
  resolution: "before-after-hook@npm:2.2.3"
  checksum: a1a2430976d9bdab4cd89cb50d27fa86b19e2b41812bf1315923b0cba03371ebca99449809226425dd3bcef20e010db61abdaff549278e111d6480034bebae87
  languageName: node
  linkType: hard

"brace-expansion@npm:^2.0.1":
  version: 2.0.1
  resolution: "brace-expansion@npm:2.0.1"
  dependencies:
    balanced-match: "npm:^1.0.0"
  checksum: a61e7cd2e8a8505e9f0036b3b6108ba5e926b4b55089eeb5550cd04a471fe216c96d4fe7e4c7f995c728c554ae20ddfc4244cad10aef255e72b62930afd233d1
  languageName: node
  linkType: hard

"chalk@npm:^5.2.0, chalk@npm:^5.3.0":
  version: 5.3.0
  resolution: "chalk@npm:5.3.0"
  checksum: 623922e077b7d1e9dedaea6f8b9e9352921f8ae3afe739132e0e00c275971bdd331268183b2628cf4ab1727c45ea1f28d7e24ac23ce1db1eb653c414ca8a5a80
  languageName: node
  linkType: hard

"ci-info@npm:^3.2.0":
  version: 3.9.0
  resolution: "ci-info@npm:3.9.0"
  checksum: 6b19dc9b2966d1f8c2041a838217299718f15d6c4b63ae36e4674edd2bee48f780e94761286a56aa59eb305a85fbea4ddffb7630ec063e7ec7e7e5ad42549a87
  languageName: node
  linkType: hard

"cli-boxes@npm:^3.0.0":
  version: 3.0.0
  resolution: "cli-boxes@npm:3.0.0"
  checksum: 637d84419d293a9eac40a1c8c96a2859e7d98b24a1a317788e13c8f441be052fc899480c6acab3acc82eaf1bccda6b7542d7cdcf5c9c3cc39227175dc098d5b2
  languageName: node
  linkType: hard

"cli-cursor@npm:^4.0.0":
  version: 4.0.0
  resolution: "cli-cursor@npm:4.0.0"
  dependencies:
    restore-cursor: "npm:^4.0.0"
  checksum: ab3f3ea2076e2176a1da29f9d64f72ec3efad51c0960898b56c8a17671365c26e67b735920530eaf7328d61f8bd41c27f46b9cf6e4e10fe2fa44b5e8c0e392cc
  languageName: node
  linkType: hard

"cli-truncate@npm:^3.1.0":
  version: 3.1.0
  resolution: "cli-truncate@npm:3.1.0"
  dependencies:
    slice-ansi: "npm:^5.0.0"
    string-width: "npm:^5.0.0"
  checksum: c3243e41974445691c63f8b405df1d5a24049dc33d324fe448dc572e561a7b772ae982692900b1a5960901cc4fc7def25a629b9c69a4208ee89d12ab3332617a
  languageName: node
  linkType: hard

"code-excerpt@npm:^4.0.0":
  version: 4.0.0
  resolution: "code-excerpt@npm:4.0.0"
  dependencies:
    convert-to-spaces: "npm:^2.0.1"
  checksum: d57137d8f4825879283a828cc02a1115b56858dc54ed06c625c8f67d6685d1becd2fbaa7f0ab19ecca1f5cca03f8c97bbc1f013cab40261e4d3275032e65efe9
  languageName: node
  linkType: hard

"colors@npm:^1.4.0":
  version: 1.4.0
  resolution: "colors@npm:1.4.0"
  checksum: 98aa2c2418ad87dedf25d781be69dc5fc5908e279d9d30c34d8b702e586a0474605b3a189511482b9d5ed0d20c867515d22749537f7bc546256c6014f3ebdcec
  languageName: node
  linkType: hard

"commander@npm:^10.0.0":
  version: 10.0.1
  resolution: "commander@npm:10.0.1"
  checksum: 436901d64a818295803c1996cd856621a74f30b9f9e28a588e726b2b1670665bccd7c1a77007ebf328729f0139838a88a19265858a0fa7a8728c4656796db948
  languageName: node
  linkType: hard

"convert-to-spaces@npm:^2.0.1":
  version: 2.0.1
  resolution: "convert-to-spaces@npm:2.0.1"
  checksum: bbb324e5916fe9866f65c0ff5f9c1ea933764d0bdb09fccaf59542e40545ed483db6b2339c6d9eb56a11965a58f1a6038f3174f0e2fb7601343c7107ca5e2751
  languageName: node
  linkType: hard

"create-require@npm:^1.1.0":
  version: 1.1.1
  resolution: "create-require@npm:1.1.1"
  checksum: a9a1503d4390d8b59ad86f4607de7870b39cad43d929813599a23714831e81c520bddf61bcdd1f8e30f05fd3a2b71ae8538e946eb2786dc65c2bbc520f692eff
  languageName: node
  linkType: hard

"cross-spawn@npm:^7.0.3":
  version: 7.0.3
  resolution: "cross-spawn@npm:7.0.3"
  dependencies:
    path-key: ^3.1.0
    shebang-command: ^2.0.0
    which: ^2.0.1
  checksum: 671cc7c7288c3a8406f3c69a3ae2fc85555c04169e9d611def9a675635472614f1c0ed0ef80955d5b6d4e724f6ced67f0ad1bb006c2ea643488fcfef994d7f52
  languageName: node
  linkType: hard

"csstype@npm:^3.0.2":
  version: 3.0.7
  resolution: "csstype@npm:3.0.7"
  checksum: 2f30c993be570c6d0de334b979a718370ee9bca9569c90340f13e05e542146c55b22e87372b858c061f9f8ded494da7a4715957882f9356cf9993ba11ab6f09c
  languageName: node
  linkType: hard

"debug@npm:^4.1.1, debug@npm:^4.3.4":
  version: 4.3.4
  resolution: "debug@npm:4.3.4"
  dependencies:
    ms: 2.1.2
  peerDependenciesMeta:
    supports-color:
      optional: true
  checksum: 3dbad3f94ea64f34431a9cbf0bafb61853eda57bff2880036153438f50fb5a84f27683ba0d8e5426bf41a8c6ff03879488120cf5b3a761e77953169c0600a708
  languageName: node
  linkType: hard

"deprecation@npm:^2.0.0":
  version: 2.3.1
  resolution: "deprecation@npm:2.3.1"
  checksum: f56a05e182c2c195071385455956b0c4106fe14e36245b00c689ceef8e8ab639235176a96977ba7c74afb173317fac2e0ec6ec7a1c6d1e6eaa401c586c714132
  languageName: node
  linkType: hard

"diff@npm:^4.0.1":
  version: 4.0.2
  resolution: "diff@npm:4.0.2"
  checksum: f2c09b0ce4e6b301c221addd83bf3f454c0bc00caa3dd837cf6c127d6edf7223aa2bbe3b688feea110b7f262adbfc845b757c44c8a9f8c0c5b15d8fa9ce9d20d
  languageName: node
  linkType: hard

"eastasianwidth@npm:^0.2.0":
  version: 0.2.0
  resolution: "eastasianwidth@npm:0.2.0"
  checksum: 7d00d7cd8e49b9afa762a813faac332dee781932d6f2c848dc348939c4253f1d4564341b7af1d041853bc3f32c2ef141b58e0a4d9862c17a7f08f68df1e0f1ed
  languageName: node
  linkType: hard

"emoji-regex@npm:^9.2.2":
  version: 9.2.2
  resolution: "emoji-regex@npm:9.2.2"
  checksum: 8487182da74aabd810ac6d6f1994111dfc0e331b01271ae01ec1eb0ad7b5ecc2bbbbd2f053c05cb55a1ac30449527d819bbfbf0e3de1023db308cbcb47f86601
  languageName: node
  linkType: hard

"escape-string-regexp@npm:^2.0.0":
  version: 2.0.0
  resolution: "escape-string-regexp@npm:2.0.0"
  checksum: 9f8a2d5743677c16e85c810e3024d54f0c8dea6424fad3c79ef6666e81dd0846f7437f5e729dfcdac8981bc9e5294c39b4580814d114076b8d36318f46ae4395
  languageName: node
  linkType: hard

"escape-string-regexp@npm:^5.0.0":
  version: 5.0.0
  resolution: "escape-string-regexp@npm:5.0.0"
  checksum: 20daabe197f3cb198ec28546deebcf24b3dbb1a5a269184381b3116d12f0532e06007f4bc8da25669d6a7f8efb68db0758df4cd981f57bc5b57f521a3e12c59e
  languageName: node
  linkType: hard

"execa@npm:^5.1.1":
  version: 5.1.1
  resolution: "execa@npm:5.1.1"
  dependencies:
    cross-spawn: ^7.0.3
    get-stream: ^6.0.0
    human-signals: ^2.1.0
    is-stream: ^2.0.0
    merge-stream: ^2.0.0
    npm-run-path: ^4.0.1
    onetime: ^5.1.2
    signal-exit: ^3.0.3
    strip-final-newline: ^2.0.0
  checksum: fba9022c8c8c15ed862847e94c252b3d946036d7547af310e344a527e59021fd8b6bb0723883ea87044dc4f0201f949046993124a42ccb0855cae5bf8c786343
  languageName: node
  linkType: hard

"figures@npm:^5.0.0":
  version: 5.0.0
  resolution: "figures@npm:5.0.0"
  dependencies:
    escape-string-regexp: "npm:^5.0.0"
    is-unicode-supported: "npm:^1.2.0"
  checksum: e6e8b6d1df2f554d4effae4a5ceff5d796f9449f6d4e912d74dab7d5f25916ecda6c305b9084833157d56485a0c78b37164430ddc5675bcee1330e346710669e
  languageName: node
  linkType: hard

"fs-extra@npm:^11.1.1":
  version: 11.2.0
  resolution: "fs-extra@npm:11.2.0"
  dependencies:
    graceful-fs: ^4.2.0
    jsonfile: ^6.0.1
    universalify: ^2.0.0
  checksum: b12e42fa40ba47104202f57b8480dd098aa931c2724565e5e70779ab87605665594e76ee5fb00545f772ab9ace167fe06d2ab009c416dc8c842c5ae6df7aa7e8
  languageName: node
  linkType: hard

"fs.realpath@npm:^1.0.0":
  version: 1.0.0
  resolution: "fs.realpath@npm:1.0.0"
  checksum: 99ddea01a7e75aa276c250a04eedeffe5662bce66c65c07164ad6264f9de18fb21be9433ead460e54cff20e31721c811f4fb5d70591799df5f85dce6d6746fd0
  languageName: node
  linkType: hard

"get-stream@npm:^6.0.0":
  version: 6.0.1
  resolution: "get-stream@npm:6.0.1"
  checksum: e04ecece32c92eebf5b8c940f51468cd53554dcbb0ea725b2748be583c9523d00128137966afce410b9b051eb2ef16d657cd2b120ca8edafcf5a65e81af63cad
  languageName: node
  linkType: hard

"glob@npm:^9.3.2":
  version: 9.3.5
  resolution: "glob@npm:9.3.5"
  dependencies:
    fs.realpath: ^1.0.0
    minimatch: ^8.0.2
    minipass: ^4.2.4
    path-scurry: ^1.6.1
  checksum: 94b093adbc591bc36b582f77927d1fb0dbf3ccc231828512b017601408be98d1fe798fc8c0b19c6f2d1a7660339c3502ce698de475e9d938ccbb69b47b647c84
  languageName: node
  linkType: hard

"graceful-fs@npm:^4.1.6, graceful-fs@npm:^4.2.0":
  version: 4.2.11
  resolution: "graceful-fs@npm:4.2.11"
  checksum: ac85f94da92d8eb6b7f5a8b20ce65e43d66761c55ce85ac96df6865308390da45a8d3f0296dd3a663de65d30ba497bd46c696cc1e248c72b13d6d567138a4fc7
  languageName: node
  linkType: hard

"human-signals@npm:^2.1.0":
  version: 2.1.0
  resolution: "human-signals@npm:2.1.0"
  checksum: b87fd89fce72391625271454e70f67fe405277415b48bcc0117ca73d31fa23a4241787afdc8d67f5a116cf37258c052f59ea82daffa72364d61351423848e3b8
  languageName: node
  linkType: hard

"indent-string@npm:^5.0.0":
  version: 5.0.0
  resolution: "indent-string@npm:5.0.0"
  checksum: e466c27b6373440e6d84fbc19e750219ce25865cb82d578e41a6053d727e5520dc5725217d6eb1cc76005a1bb1696a0f106d84ce7ebda3033b963a38583fb3b3
  languageName: node
  linkType: hard

"ink-form@workspace:.":
  version: 0.0.0-use.local
  resolution: "ink-form@workspace:."
  dependencies:
    "@types/node": ^14.14.45
    "@types/react": ^18.2.41
    ink: ^4.4.1
    ink-select-input: ^5.0.0
    ink-text-input: ^6.0.0
    prettier: ^2.2.1
    publish-fast: ^0.0.20
    react: ^18.2.0
    ts-node: ^10.9.1
    typedoc: ^0.25.4
    typescript: ^5.3.2
  peerDependencies:
    ink: ">=4"
    react: ">=18"
  languageName: unknown
  linkType: soft

"ink-select-input@npm:^5.0.0":
  version: 5.0.0
  resolution: "ink-select-input@npm:5.0.0"
  dependencies:
    arr-rotate: "npm:^1.0.0"
    figures: "npm:^5.0.0"
    lodash.isequal: "npm:^4.5.0"
  peerDependencies:
    ink: ^4.0.0
    react: ^18.0.0
  checksum: 9e21351f7ae1ad1721eca04038e25afd4b6f85ea0abd51235db2ed6894e209198687924a2ae8aca972571cb0601d735810c462676b7ebfd68ae3cafd0d67613c
  languageName: node
  linkType: hard

"ink-text-input@npm:^6.0.0":
  version: 6.0.0
  resolution: "ink-text-input@npm:6.0.0"
  dependencies:
    chalk: "npm:^5.3.0"
    type-fest: "npm:^4.18.2"
  peerDependencies:
    ink: ">=5"
    react: ">=18"
  checksum: dc2511df2bf6a93a7ee94efce03eb7fb99028d378bd5446047fa9f4c13de67e8651e9fc89331cc3d158ca84974dfdd2df465a52e241a070cdc3f85048a707931
  languageName: node
  linkType: hard

"ink@npm:^4.4.1":
  version: 4.4.1
  resolution: "ink@npm:4.4.1"
  dependencies:
    "@alcalzone/ansi-tokenize": "npm:^0.1.3"
    ansi-escapes: "npm:^6.0.0"
    auto-bind: "npm:^5.0.1"
    chalk: "npm:^5.2.0"
    cli-boxes: "npm:^3.0.0"
    cli-cursor: "npm:^4.0.0"
    cli-truncate: "npm:^3.1.0"
    code-excerpt: "npm:^4.0.0"
    indent-string: "npm:^5.0.0"
    is-ci: "npm:^3.0.1"
    is-lower-case: "npm:^2.0.2"
    is-upper-case: "npm:^2.0.2"
    lodash: "npm:^4.17.21"
    patch-console: "npm:^2.0.0"
    react-reconciler: "npm:^0.29.0"
    scheduler: "npm:^0.23.0"
    signal-exit: "npm:^3.0.7"
    slice-ansi: "npm:^6.0.0"
    stack-utils: "npm:^2.0.6"
    string-width: "npm:^5.1.2"
    type-fest: "npm:^0.12.0"
    widest-line: "npm:^4.0.1"
    wrap-ansi: "npm:^8.1.0"
    ws: "npm:^8.12.0"
    yoga-wasm-web: "npm:~0.3.3"
  peerDependencies:
    "@types/react": ">=18.0.0"
    react: ">=18.0.0"
    react-devtools-core: ^4.19.1
  peerDependenciesMeta:
    "@types/react":
      optional: true
    react-devtools-core:
      optional: true
  checksum: 6af24a6f143a5690b07001a2dfff8a9be87b880765283291353ba8fe1e26307cd4519f275a6253474ad9292cda323de62fe134e5935da366d80a586f83a245f0
  languageName: node
  linkType: hard

"is-ci@npm:^3.0.1":
  version: 3.0.1
  resolution: "is-ci@npm:3.0.1"
  dependencies:
    ci-info: "npm:^3.2.0"
  bin:
    is-ci: bin.js
  checksum: 192c66dc7826d58f803ecae624860dccf1899fc1f3ac5505284c0a5cf5f889046ffeb958fa651e5725d5705c5bcb14f055b79150ea5fcad7456a9569de60260e
  languageName: node
  linkType: hard

"is-fullwidth-code-point@npm:^4.0.0":
  version: 4.0.0
  resolution: "is-fullwidth-code-point@npm:4.0.0"
  checksum: 8ae89bf5057bdf4f57b346fb6c55e9c3dd2549983d54191d722d5c739397a903012cc41a04ee3403fd872e811243ef91a7c5196da7b5841dc6b6aae31a264a8d
  languageName: node
  linkType: hard

"is-lower-case@npm:^2.0.2":
  version: 2.0.2
  resolution: "is-lower-case@npm:2.0.2"
  dependencies:
    tslib: "npm:^2.0.3"
  checksum: ba57dd1201e15fd9b590654736afccf1b3b68e919f40c23ef13b00ebcc639b1d9c2f81fe86415bff3e8eccffec459786c9ac9dc8f3a19cfa4484206c411c1d7d
  languageName: node
  linkType: hard

"is-plain-object@npm:^5.0.0":
  version: 5.0.0
  resolution: "is-plain-object@npm:5.0.0"
  checksum: e32d27061eef62c0847d303125440a38660517e586f2f3db7c9d179ae5b6674ab0f469d519b2e25c147a1a3bc87156d0d5f4d8821e0ce4a9ee7fe1fcf11ce45c
  languageName: node
  linkType: hard

"is-stream@npm:^2.0.0":
  version: 2.0.1
  resolution: "is-stream@npm:2.0.1"
  checksum: b8e05ccdf96ac330ea83c12450304d4a591f9958c11fd17bed240af8d5ffe08aedafa4c0f4cfccd4d28dc9d4d129daca1023633d5c11601a6cbc77521f6fae66
  languageName: node
  linkType: hard

"is-unicode-supported@npm:^1.2.0":
  version: 1.3.0
  resolution: "is-unicode-supported@npm:1.3.0"
  checksum: 20a1fc161afafaf49243551a5ac33b6c4cf0bbcce369fcd8f2951fbdd000c30698ce320de3ee6830497310a8f41880f8066d440aa3eb0a853e2aa4836dd89abc
  languageName: node
  linkType: hard

"is-upper-case@npm:^2.0.2":
  version: 2.0.2
  resolution: "is-upper-case@npm:2.0.2"
  dependencies:
    tslib: "npm:^2.0.3"
  checksum: cf4fd43c00c2e72cd5cff911923070b89f0933b464941bd782e2315385f80b5a5acd772db3b796542e5e3cfed735f4dffd88c54d62db1ebfc5c3daa7b1af2bc6
  languageName: node
  linkType: hard

"isexe@npm:^2.0.0":
  version: 2.0.0
  resolution: "isexe@npm:2.0.0"
  checksum: 26bf6c5480dda5161c820c5b5c751ae1e766c587b1f951ea3fcfc973bafb7831ae5b54a31a69bd670220e42e99ec154475025a468eae58ea262f813fdc8d1c62
  languageName: node
  linkType: hard

"js-tokens@npm:^3.0.0 || ^4.0.0":
  version: 4.0.0
  resolution: "js-tokens@npm:4.0.0"
  checksum: 8a95213a5a77deb6cbe94d86340e8d9ace2b93bc367790b260101d2f36a2eaf4e4e22d9fa9cf459b38af3a32fb4190e638024cf82ec95ef708680e405ea7cc78
  languageName: node
  linkType: hard

"jsonc-parser@npm:^3.2.0":
  version: 3.2.0
  resolution: "jsonc-parser@npm:3.2.0"
  checksum: 946dd9a5f326b745aa326d48a7257e3f4a4b62c5e98ec8e49fa2bdd8d96cef7e6febf1399f5c7016114fd1f68a1c62c6138826d5d90bc650448e3cf0951c53c7
  languageName: node
  linkType: hard

"jsonfile@npm:^6.0.1":
  version: 6.1.0
  resolution: "jsonfile@npm:6.1.0"
  dependencies:
    graceful-fs: ^4.1.6
    universalify: ^2.0.0
  dependenciesMeta:
    graceful-fs:
      optional: true
  checksum: 7af3b8e1ac8fe7f1eccc6263c6ca14e1966fcbc74b618d3c78a0a2075579487547b94f72b7a1114e844a1e15bb00d440e5d1720bfc4612d790a6f285d5ea8354
  languageName: node
  linkType: hard

"kleur@npm:^3.0.3":
  version: 3.0.3
  resolution: "kleur@npm:3.0.3"
  checksum: df82cd1e172f957bae9c536286265a5cdbd5eeca487cb0a3b2a7b41ef959fc61f8e7c0e9aeea9c114ccf2c166b6a8dd45a46fd619c1c569d210ecd2765ad5169
  languageName: node
  linkType: hard

"lodash.isequal@npm:^4.5.0":
  version: 4.5.0
  resolution: "lodash.isequal@npm:4.5.0"
  checksum: da27515dc5230eb1140ba65ff8de3613649620e8656b19a6270afe4866b7bd461d9ba2ac8a48dcc57f7adac4ee80e1de9f965d89d4d81a0ad52bb3eec2609644
  languageName: node
  linkType: hard

"lodash@npm:^4.17.21":
  version: 4.17.21
  resolution: "lodash@npm:4.17.21"
  checksum: eb835a2e51d381e561e508ce932ea50a8e5a68f4ebdd771ea240d3048244a8d13658acbd502cd4829768c56f2e16bdd4340b9ea141297d472517b83868e677f7
  languageName: node
  linkType: hard

"loose-envify@npm:^1.1.0":
  version: 1.4.0
  resolution: "loose-envify@npm:1.4.0"
  dependencies:
    js-tokens: "npm:^3.0.0 || ^4.0.0"
  bin:
    loose-envify: cli.js
  checksum: 6517e24e0cad87ec9888f500c5b5947032cdfe6ef65e1c1936a0c48a524b81e65542c9c3edc91c97d5bddc806ee2a985dbc79be89215d613b1de5db6d1cfe6f4
  languageName: node
  linkType: hard

"lru-cache@npm:^10.2.0":
  version: 10.2.2
  resolution: "lru-cache@npm:10.2.2"
  checksum: 98e8fc93691c546f719a76103ef2bee5a3ac823955c755a47641ec41f8c7fafa1baeaba466937cc1cbfa9cfd47e03536d10e2db3158a64ad91ff3a58a32c893e
  languageName: node
  linkType: hard

"lunr@npm:^2.3.9":
  version: 2.3.9
  resolution: "lunr@npm:2.3.9"
  checksum: 176719e24fcce7d3cf1baccce9dd5633cd8bdc1f41ebe6a180112e5ee99d80373fe2454f5d4624d437e5a8319698ca6837b9950566e15d2cae5f2a543a3db4b8
  languageName: node
  linkType: hard

"make-error@npm:^1.1.1":
  version: 1.3.6
  resolution: "make-error@npm:1.3.6"
  checksum: b86e5e0e25f7f777b77fabd8e2cbf15737972869d852a22b7e73c17623928fccb826d8e46b9951501d3f20e51ad74ba8c59ed584f610526a48f8ccf88aaec402
  languageName: node
  linkType: hard

"marked@npm:^4.3.0":
  version: 4.3.0
  resolution: "marked@npm:4.3.0"
  bin:
    marked: bin/marked.js
  checksum: 0db6817893952c3ec710eb9ceafb8468bf5ae38cb0f92b7b083baa13d70b19774674be04db5b817681fa7c5c6a088f61300815e4dd75a59696f4716ad69f6260
  languageName: node
  linkType: hard

"merge-stream@npm:^2.0.0":
  version: 2.0.0
  resolution: "merge-stream@npm:2.0.0"
  checksum: 6fa4dcc8d86629705cea944a4b88ef4cb0e07656ebf223fa287443256414283dd25d91c1cd84c77987f2aec5927af1a9db6085757cb43d90eb170ebf4b47f4f4
  languageName: node
  linkType: hard

"mime@npm:^3.0.0":
  version: 3.0.0
  resolution: "mime@npm:3.0.0"
  bin:
    mime: cli.js
  checksum: f43f9b7bfa64534e6b05bd6062961681aeb406a5b53673b53b683f27fcc4e739989941836a355eef831f4478923651ecc739f4a5f6e20a76487b432bfd4db928
  languageName: node
  linkType: hard

"mimic-fn@npm:^2.1.0":
  version: 2.1.0
  resolution: "mimic-fn@npm:2.1.0"
  checksum: d2421a3444848ce7f84bd49115ddacff29c15745db73f54041edc906c14b131a38d05298dae3081667627a59b2eb1ca4b436ff2e1b80f69679522410418b478a
  languageName: node
  linkType: hard

"minimatch@npm:^8.0.2":
  version: 8.0.4
  resolution: "minimatch@npm:8.0.4"
  dependencies:
    brace-expansion: ^2.0.1
  checksum: 2e46cffb86bacbc524ad45a6426f338920c529dd13f3a732cc2cf7618988ee1aae88df4ca28983285aca9e0f45222019ac2d14ebd17c1edadd2ee12221ab801a
  languageName: node
  linkType: hard

"minimatch@npm:^9.0.3":
  version: 9.0.3
  resolution: "minimatch@npm:9.0.3"
  dependencies:
    brace-expansion: "npm:^2.0.1"
  checksum: 253487976bf485b612f16bf57463520a14f512662e592e95c571afdab1442a6a6864b6c88f248ce6fc4ff0b6de04ac7aa6c8bb51e868e99d1d65eb0658a708b5
  languageName: node
  linkType: hard

"minipass@npm:^4.2.4":
  version: 4.2.8
  resolution: "minipass@npm:4.2.8"
  checksum: 7f4914d5295a9a30807cae5227a37a926e6d910c03f315930fde52332cf0575dfbc20295318f91f0baf0e6bb11a6f668e30cde8027dea7a11b9d159867a3c830
  languageName: node
  linkType: hard

"minipass@npm:^5.0.0 || ^6.0.2 || ^7.0.0":
  version: 7.1.1
  resolution: "minipass@npm:7.1.1"
  checksum: d2c461947a7530f93de4162aa3ca0a1bed1f121626906f6ec63a5ba05fd7b1d9bee4fe89a37a43db7241c2416be98a799c1796abae583c7180be37be5c392ef6
  languageName: node
  linkType: hard

"ms@npm:2.1.2":
  version: 2.1.2
  resolution: "ms@npm:2.1.2"
  checksum: 673cdb2c3133eb050c745908d8ce632ed2c02d85640e2edb3ace856a2266a813b30c613569bf3354fdf4ea7d1a1494add3bfa95e2713baa27d0c2c71fc44f58f
  languageName: node
  linkType: hard

"node-fetch@npm:^2.6.7":
  version: 2.7.0
  resolution: "node-fetch@npm:2.7.0"
  dependencies:
    whatwg-url: ^5.0.0
  peerDependencies:
    encoding: ^0.1.0
  peerDependenciesMeta:
    encoding:
      optional: true
  checksum: d76d2f5edb451a3f05b15115ec89fc6be39de37c6089f1b6368df03b91e1633fd379a7e01b7ab05089a25034b2023d959b47e59759cb38d88341b2459e89d6e5
  languageName: node
  linkType: hard

"npm-run-path@npm:^4.0.1":
  version: 4.0.1
  resolution: "npm-run-path@npm:4.0.1"
  dependencies:
    path-key: ^3.0.0
  checksum: 5374c0cea4b0bbfdfae62da7bbdf1e1558d338335f4cacf2515c282ff358ff27b2ecb91ffa5330a8b14390ac66a1e146e10700440c1ab868208430f56b5f4d23
  languageName: node
  linkType: hard

"once@npm:^1.4.0":
  version: 1.4.0
  resolution: "once@npm:1.4.0"
  dependencies:
    wrappy: 1
  checksum: cd0a88501333edd640d95f0d2700fbde6bff20b3d4d9bdc521bdd31af0656b5706570d6c6afe532045a20bb8dc0849f8332d6f2a416e0ba6d3d3b98806c7db68
  languageName: node
  linkType: hard

"onetime@npm:^5.1.0, onetime@npm:^5.1.2":
  version: 5.1.2
  resolution: "onetime@npm:5.1.2"
  dependencies:
    mimic-fn: "npm:^2.1.0"
  checksum: 2478859ef817fc5d4e9c2f9e5728512ddd1dbc9fb7829ad263765bb6d3b91ce699d6e2332eef6b7dff183c2f490bd3349f1666427eaba4469fba0ac38dfd0d34
  languageName: node
  linkType: hard

"patch-console@npm:^2.0.0":
  version: 2.0.0
  resolution: "patch-console@npm:2.0.0"
  checksum: 10e7d382cc1cf930a2114a822cdc816109a1147bcbc4881ca4fa2ad0228a60cf14d53f815fce3164f25851fea71db4026ae8271e4026b42b0a6e92ddc074d4c2
  languageName: node
  linkType: hard

"path-key@npm:^3.0.0, path-key@npm:^3.1.0":
  version: 3.1.1
  resolution: "path-key@npm:3.1.1"
  checksum: 55cd7a9dd4b343412a8386a743f9c746ef196e57c823d90ca3ab917f90ab9f13dd0ded27252ba49dbdfcab2b091d998bc446f6220cd3cea65db407502a740020
  languageName: node
  linkType: hard

"path-scurry@npm:^1.6.1":
  version: 1.11.1
  resolution: "path-scurry@npm:1.11.1"
  dependencies:
    lru-cache: ^10.2.0
    minipass: ^5.0.0 || ^6.0.2 || ^7.0.0
  checksum: 890d5abcd593a7912dcce7cf7c6bf7a0b5648e3dee6caf0712c126ca0a65c7f3d7b9d769072a4d1baf370f61ce493ab5b038d59988688e0c5f3f646ee3c69023
  languageName: node
  linkType: hard

"prettier@npm:^2.2.1":
  version: 2.2.1
  resolution: "prettier@npm:2.2.1"
  bin:
    prettier: bin-prettier.js
  checksum: 800de2df3d37067ab24478c7f32c60ca0c57b01742133287829feeb4a70d239a7bf6bccb56196784777af591ad80fb9ba70c1a49b0fcecf9f5622a764d513edb
  languageName: node
  linkType: hard

"prompts@npm:^2.4.2":
  version: 2.4.2
  resolution: "prompts@npm:2.4.2"
  dependencies:
    kleur: ^3.0.3
    sisteransi: ^1.0.5
  checksum: d8fd1fe63820be2412c13bfc5d0a01909acc1f0367e32396962e737cb2fc52d004f3302475d5ce7d18a1e8a79985f93ff04ee03007d091029c3f9104bffc007d
  languageName: node
  linkType: hard

"publish-fast@npm:^0.0.20":
  version: 0.0.20
  resolution: "publish-fast@npm:0.0.20"
  dependencies:
    "@octokit/rest": ^19.0.7
    colors: ^1.4.0
    commander: ^10.0.0
    execa: ^5.1.1
    fs-extra: ^11.1.1
    glob: ^9.3.2
    mime: ^3.0.0
    prompts: ^2.4.2
    semver: ^7.3.8
    simple-git: ^3.17.0
  bin:
    publish-fast: lib/cjs/index.js
  checksum: ad56376b6b3b29ba28e7b68cd31338c8b8024ea412f9c9ff15cf5bf017a2e2de56691247619d601e74b2529089ae90e63519b96fd0035928666b1664fe2ed076
  languageName: node
  linkType: hard

"react-reconciler@npm:^0.29.0":
  version: 0.29.0
  resolution: "react-reconciler@npm:0.29.0"
  dependencies:
    loose-envify: "npm:^1.1.0"
    scheduler: "npm:^0.23.0"
  peerDependencies:
    react: ^18.2.0
  checksum: 730db9cf451fe6b5102042fda32a029c73ef970f758707d8a0f07e11e9cc262bc973987464d920b519da99f7e20bb1fef1d1c6b05ff993ad12d59d63b004a2ab
  languageName: node
  linkType: hard

"react@npm:^18.2.0":
  version: 18.2.0
  resolution: "react@npm:18.2.0"
  dependencies:
    loose-envify: "npm:^1.1.0"
  checksum: 88e38092da8839b830cda6feef2e8505dec8ace60579e46aa5490fc3dc9bba0bd50336507dc166f43e3afc1c42939c09fe33b25fae889d6f402721dcd78fca1b
  languageName: node
  linkType: hard

"restore-cursor@npm:^4.0.0":
  version: 4.0.0
  resolution: "restore-cursor@npm:4.0.0"
  dependencies:
    onetime: "npm:^5.1.0"
    signal-exit: "npm:^3.0.2"
  checksum: 5b675c5a59763bf26e604289eab35711525f11388d77f409453904e1e69c0d37ae5889295706b2c81d23bd780165084d040f9b68fffc32cc921519031c4fa4af
  languageName: node
  linkType: hard

"scheduler@npm:^0.23.0":
  version: 0.23.0
  resolution: "scheduler@npm:0.23.0"
  dependencies:
    loose-envify: "npm:^1.1.0"
  checksum: d79192eeaa12abef860c195ea45d37cbf2bbf5f66e3c4dcd16f54a7da53b17788a70d109ee3d3dde1a0fd50e6a8fc171f4300356c5aee4fc0171de526bf35f8a
  languageName: node
  linkType: hard

"semver@npm:^7.3.8":
  version: 7.6.2
  resolution: "semver@npm:7.6.2"
  bin:
    semver: bin/semver.js
  checksum: 40f6a95101e8d854357a644da1b8dd9d93ce786d5c6a77227bc69dbb17bea83d0d1d1d7c4cd5920a6df909f48e8bd8a5909869535007f90278289f2451d0292d
  languageName: node
  linkType: hard

"shebang-command@npm:^2.0.0":
  version: 2.0.0
  resolution: "shebang-command@npm:2.0.0"
  dependencies:
    shebang-regex: ^3.0.0
  checksum: 6b52fe87271c12968f6a054e60f6bde5f0f3d2db483a1e5c3e12d657c488a15474121a1d55cd958f6df026a54374ec38a4a963988c213b7570e1d51575cea7fa
  languageName: node
  linkType: hard

"shebang-regex@npm:^3.0.0":
  version: 3.0.0
  resolution: "shebang-regex@npm:3.0.0"
  checksum: 1a2bcae50de99034fcd92ad4212d8e01eedf52c7ec7830eedcf886622804fe36884278f2be8be0ea5fde3fd1c23911643a4e0f726c8685b61871c8908af01222
  languageName: node
  linkType: hard

"shiki@npm:^0.14.1":
  version: 0.14.5
  resolution: "shiki@npm:0.14.5"
  dependencies:
    ansi-sequence-parser: "npm:^1.1.0"
    jsonc-parser: "npm:^3.2.0"
    vscode-oniguruma: "npm:^1.7.0"
    vscode-textmate: "npm:^8.0.0"
  checksum: 41d847817cfc9bb6d8bf190316896698d250303656546446659cc02caed8dcc171b10cd113bb5da82425b51d0032e87aafcdc36c3dd61dadc123170b438da736
  languageName: node
  linkType: hard

"signal-exit@npm:^3.0.2":
  version: 3.0.3
  resolution: "signal-exit@npm:3.0.3"
  checksum: f0169d3f1263d06df32ca072b0bf33b34c6f8f0341a7a1621558a2444dfbe8f5fec76b35537fcc6f0bc4944bdb5336fe0bdcf41a5422c4e45a1dba3f45475e6c
  languageName: node
  linkType: hard

"signal-exit@npm:^3.0.3, signal-exit@npm:^3.0.7":
  version: 3.0.7
  resolution: "signal-exit@npm:3.0.7"
  checksum: a2f098f247adc367dffc27845853e9959b9e88b01cb301658cfe4194352d8d2bb32e18467c786a7fe15f1d44b233ea35633d076d5e737870b7139949d1ab6318
  languageName: node
  linkType: hard

"simple-git@npm:^3.17.0":
  version: 3.24.0
  resolution: "simple-git@npm:3.24.0"
  dependencies:
    "@kwsites/file-exists": ^1.1.1
    "@kwsites/promise-deferred": ^1.1.1
    debug: ^4.3.4
  checksum: f2b8544a47c70a533a5461719e31c2ca39682ab2997158d90e636092cbd32fb2f859f57ca33eaa9d8d691e930d1654b2bc33c27ff4c86836eb211c6880f35dca
  languageName: node
  linkType: hard

"sisteransi@npm:^1.0.5":
  version: 1.0.5
  resolution: "sisteransi@npm:1.0.5"
  checksum: aba6438f46d2bfcef94cf112c835ab395172c75f67453fe05c340c770d3c402363018ae1ab4172a1026a90c47eaccf3af7b6ff6fa749a680c2929bd7fa2b37a4
  languageName: node
  linkType: hard

"slice-ansi@npm:^5.0.0":
  version: 5.0.0
  resolution: "slice-ansi@npm:5.0.0"
  dependencies:
    ansi-styles: "npm:^6.0.0"
    is-fullwidth-code-point: "npm:^4.0.0"
  checksum: 7e600a2a55e333a21ef5214b987c8358fe28bfb03c2867ff2cbf919d62143d1812ac27b4297a077fdaf27a03da3678e49551c93e35f9498a3d90221908a1180e
  languageName: node
  linkType: hard

"slice-ansi@npm:^6.0.0":
  version: 6.0.0
  resolution: "slice-ansi@npm:6.0.0"
  dependencies:
    ansi-styles: "npm:^6.2.1"
    is-fullwidth-code-point: "npm:^4.0.0"
  checksum: d0510f02af166eff9948e7cf88985c33d9ded6de0e39908b67b5e29f802c88025c27d7e1801ce1d1d1ec311fb539538086cd2a4193d2e8f735e6c5c0e63486dd
  languageName: node
  linkType: hard

"stack-utils@npm:^2.0.6":
  version: 2.0.6
  resolution: "stack-utils@npm:2.0.6"
  dependencies:
    escape-string-regexp: "npm:^2.0.0"
  checksum: 052bf4d25bbf5f78e06c1d5e67de2e088b06871fa04107ca8d3f0e9d9263326e2942c8bedee3545795fc77d787d443a538345eef74db2f8e35db3558c6f91ff7
  languageName: node
  linkType: hard

"string-width@npm:^5.0.0, string-width@npm:^5.0.1, string-width@npm:^5.1.2":
  version: 5.1.2
  resolution: "string-width@npm:5.1.2"
  dependencies:
    eastasianwidth: "npm:^0.2.0"
    emoji-regex: "npm:^9.2.2"
    strip-ansi: "npm:^7.0.1"
  checksum: 7369deaa29f21dda9a438686154b62c2c5f661f8dda60449088f9f980196f7908fc39fdd1803e3e01541970287cf5deae336798337e9319a7055af89dafa7193
  languageName: node
  linkType: hard

"strip-ansi@npm:^7.0.1":
  version: 7.1.0
  resolution: "strip-ansi@npm:7.1.0"
  dependencies:
    ansi-regex: "npm:^6.0.1"
  checksum: 859c73fcf27869c22a4e4d8c6acfe690064659e84bef9458aa6d13719d09ca88dcfd40cbf31fd0be63518ea1a643fe070b4827d353e09533a5b0b9fd4553d64d
  languageName: node
  linkType: hard

"strip-final-newline@npm:^2.0.0":
  version: 2.0.0
  resolution: "strip-final-newline@npm:2.0.0"
  checksum: 69412b5e25731e1938184b5d489c32e340605bb611d6140344abc3421b7f3c6f9984b21dff296dfcf056681b82caa3bb4cc996a965ce37bcfad663e92eae9c64
  languageName: node
  linkType: hard

"tr46@npm:~0.0.3":
  version: 0.0.3
  resolution: "tr46@npm:0.0.3"
  checksum: 726321c5eaf41b5002e17ffbd1fb7245999a073e8979085dacd47c4b4e8068ff5777142fc6726d6ca1fd2ff16921b48788b87225cbc57c72636f6efa8efbffe3
  languageName: node
  linkType: hard

"ts-node@npm:^10.9.1":
  version: 10.9.1
  resolution: "ts-node@npm:10.9.1"
  dependencies:
    "@cspotcode/source-map-support": "npm:^0.8.0"
    "@tsconfig/node10": "npm:^1.0.7"
    "@tsconfig/node12": "npm:^1.0.7"
    "@tsconfig/node14": "npm:^1.0.0"
    "@tsconfig/node16": "npm:^1.0.2"
    acorn: "npm:^8.4.1"
    acorn-walk: "npm:^8.1.1"
    arg: "npm:^4.1.0"
    create-require: "npm:^1.1.0"
    diff: "npm:^4.0.1"
    make-error: "npm:^1.1.1"
    v8-compile-cache-lib: "npm:^3.0.1"
    yn: "npm:3.1.1"
  peerDependencies:
    "@swc/core": ">=1.2.50"
    "@swc/wasm": ">=1.2.50"
    "@types/node": "*"
    typescript: ">=2.7"
  peerDependenciesMeta:
    "@swc/core":
      optional: true
    "@swc/wasm":
      optional: true
  bin:
    ts-node: dist/bin.js
    ts-node-cwd: dist/bin-cwd.js
    ts-node-esm: dist/bin-esm.js
    ts-node-script: dist/bin-script.js
    ts-node-transpile-only: dist/bin-transpile.js
    ts-script: dist/bin-script-deprecated.js
  checksum: 090adff1302ab20bd3486e6b4799e90f97726ed39e02b39e566f8ab674fd5bd5f727f43615debbfc580d33c6d9d1c6b1b3ce7d8e3cca3e20530a145ffa232c35
  languageName: node
  linkType: hard

"tslib@npm:^2.0.3":
  version: 2.6.2
  resolution: "tslib@npm:2.6.2"
  checksum: 329ea56123005922f39642318e3d1f0f8265d1e7fcb92c633e0809521da75eeaca28d2cf96d7248229deb40e5c19adf408259f4b9640afd20d13aecc1430f3ad
  languageName: node
  linkType: hard

"type-fest@npm:^0.12.0":
  version: 0.12.0
  resolution: "type-fest@npm:0.12.0"
  checksum: 407d6c1a6fcc907f6124c37e977ba4966205014787a32a27579da6e47c3b1bd210b68cc1c7764d904c8aa55fb4efa6945586f9b4fae742c63ed026a4559da07d
  languageName: node
  linkType: hard

"type-fest@npm:^3.0.0":
  version: 3.13.1
  resolution: "type-fest@npm:3.13.1"
  checksum: c06b0901d54391dc46de3802375f5579868949d71f93b425ce564e19a428a0d411ae8d8cb0e300d330071d86152c3ea86e744c3f2860a42a79585b6ec2fdae8e
  languageName: node
  linkType: hard

"type-fest@npm:^4.18.2":
  version: 4.18.2
  resolution: "type-fest@npm:4.18.2"
  checksum: 2e9272b2b97b2f4ea2bbffda43cfce9ca89c474ad7c9565e39b80fee2ce609ea60385faffbbef98994b38feb3fa5fa38feb33acf175f4f85ee21d1773e87bf44
  languageName: node
  linkType: hard

"typedoc@npm:^0.25.4":
  version: 0.25.4
  resolution: "typedoc@npm:0.25.4"
  dependencies:
    lunr: "npm:^2.3.9"
    marked: "npm:^4.3.0"
    minimatch: "npm:^9.0.3"
    shiki: "npm:^0.14.1"
  peerDependencies:
    typescript: 4.6.x || 4.7.x || 4.8.x || 4.9.x || 5.0.x || 5.1.x || 5.2.x || 5.3.x
  bin:
    typedoc: bin/typedoc
  checksum: 6d441baa277c0db4d577db2932a7af316d175415841e2faf2e68e3eda6ad60356c54f56374f89c5233d7bd5c057b0337455e5d484d8463e1445e67c37a6d94eb
  languageName: node
  linkType: hard

"typescript@npm:^5.3.2":
  version: 5.3.2
  resolution: "typescript@npm:5.3.2"
  bin:
    tsc: bin/tsc
    tsserver: bin/tsserver
  checksum: d92534dda639eb825db013203404c1fabca8ac630564283c9e7dc9e64fd9c9346c2de95ecebdf3e6e8c1c32941bca1cfe0da37877611feb9daf8feeaea58d230
  languageName: node
  linkType: hard

"typescript@patch:typescript@^5.3.2#~builtin<compat/typescript>":
  version: 5.3.2
  resolution: "typescript@patch:typescript@npm%3A5.3.2#~builtin<compat/typescript>::version=5.3.2&hash=85af82"
  bin:
    tsc: bin/tsc
    tsserver: bin/tsserver
  checksum: c034461079fbfde3cb584ddee52afccb15b6e32a0ce186d0b2719968786f7ca73e1b07f71fac4163088790b16811c6ccf79680de190664ef66ff0ba9c1fe4a23
  languageName: node
  linkType: hard

"universal-user-agent@npm:^6.0.0":
  version: 6.0.1
  resolution: "universal-user-agent@npm:6.0.1"
  checksum: fdc8e1ae48a05decfc7ded09b62071f571c7fe0bd793d700704c80cea316101d4eac15cc27ed2bb64f4ce166d2684777c3198b9ab16034f547abea0d3aa1c93c
  languageName: node
  linkType: hard

"universalify@npm:^2.0.0":
  version: 2.0.1
  resolution: "universalify@npm:2.0.1"
  checksum: ecd8469fe0db28e7de9e5289d32bd1b6ba8f7183db34f3bfc4ca53c49891c2d6aa05f3fb3936a81285a905cc509fb641a0c3fc131ec786167eff41236ae32e60
  languageName: node
  linkType: hard

"v8-compile-cache-lib@npm:^3.0.1":
  version: 3.0.1
  resolution: "v8-compile-cache-lib@npm:3.0.1"
  checksum: 78089ad549e21bcdbfca10c08850022b22024cdcc2da9b168bcf5a73a6ed7bf01a9cebb9eac28e03cd23a684d81e0502797e88f3ccd27a32aeab1cfc44c39da0
  languageName: node
  linkType: hard

"vscode-oniguruma@npm:^1.7.0":
  version: 1.7.0
  resolution: "vscode-oniguruma@npm:1.7.0"
  checksum: 53519d91d90593e6fb080260892e87d447e9b200c4964d766772b5053f5699066539d92100f77f1302c91e8fc5d9c772fbe40fe4c90f3d411a96d5a9b1e63f42
  languageName: node
  linkType: hard

"vscode-textmate@npm:^8.0.0":
  version: 8.0.0
  resolution: "vscode-textmate@npm:8.0.0"
  checksum: 127780dfea89559d70b8326df6ec344cfd701312dd7f3f591a718693812b7852c30b6715e3cfc8b3200a4e2515b4c96f0843c0eacc0a3020969b5de262c2a4bb
  languageName: node
  linkType: hard

"webidl-conversions@npm:^3.0.0":
  version: 3.0.1
  resolution: "webidl-conversions@npm:3.0.1"
  checksum: c92a0a6ab95314bde9c32e1d0a6dfac83b578f8fa5f21e675bc2706ed6981bc26b7eb7e6a1fab158e5ce4adf9caa4a0aee49a52505d4d13c7be545f15021b17c
  languageName: node
  linkType: hard

"whatwg-url@npm:^5.0.0":
  version: 5.0.0
  resolution: "whatwg-url@npm:5.0.0"
  dependencies:
    tr46: ~0.0.3
    webidl-conversions: ^3.0.0
  checksum: b8daed4ad3356cc4899048a15b2c143a9aed0dfae1f611ebd55073310c7b910f522ad75d727346ad64203d7e6c79ef25eafd465f4d12775ca44b90fa82ed9e2c
  languageName: node
  linkType: hard

"which@npm:^2.0.1":
  version: 2.0.2
  resolution: "which@npm:2.0.2"
  dependencies:
    isexe: ^2.0.0
  bin:
    node-which: ./bin/node-which
  checksum: 1a5c563d3c1b52d5f893c8b61afe11abc3bab4afac492e8da5bde69d550de701cf9806235f20a47b5c8fa8a1d6a9135841de2596535e998027a54589000e66d1
  languageName: node
  linkType: hard

"widest-line@npm:^4.0.1":
  version: 4.0.1
  resolution: "widest-line@npm:4.0.1"
  dependencies:
    string-width: "npm:^5.0.1"
  checksum: 64c48cf27171221be5f86fc54b94dd29879165bdff1a7aa92dde723d9a8c99fb108312768a5d62c8c2b80b701fa27bbd36a1ddc58367585cd45c0db7920a0cba
  languageName: node
  linkType: hard

"wrap-ansi@npm:^8.1.0":
  version: 8.1.0
  resolution: "wrap-ansi@npm:8.1.0"
  dependencies:
    ansi-styles: "npm:^6.1.0"
    string-width: "npm:^5.0.1"
    strip-ansi: "npm:^7.0.1"
  checksum: 371733296dc2d616900ce15a0049dca0ef67597d6394c57347ba334393599e800bab03c41d4d45221b6bc967b8c453ec3ae4749eff3894202d16800fdfe0e238
  languageName: node
  linkType: hard

"wrappy@npm:1":
  version: 1.0.2
  resolution: "wrappy@npm:1.0.2"
  checksum: 159da4805f7e84a3d003d8841557196034155008f817172d4e986bd591f74aa82aa7db55929a54222309e01079a65a92a9e6414da5a6aa4b01ee44a511ac3ee5
  languageName: node
  linkType: hard

"ws@npm:^8.12.0":
  version: 8.14.2
  resolution: "ws@npm:8.14.2"
  peerDependencies:
    bufferutil: ^4.0.1
    utf-8-validate: ">=5.0.2"
  peerDependenciesMeta:
    bufferutil:
      optional: true
    utf-8-validate:
      optional: true
  checksum: 3ca0dad26e8cc6515ff392b622a1467430814c463b3368b0258e33696b1d4bed7510bc7030f7b72838b9fdeb8dbd8839cbf808367d6aae2e1d668ce741d4308b
  languageName: node
  linkType: hard

"yn@npm:3.1.1":
  version: 3.1.1
  resolution: "yn@npm:3.1.1"
  checksum: 2c487b0e149e746ef48cda9f8bad10fc83693cd69d7f9dcd8be4214e985de33a29c9e24f3c0d6bcf2288427040a8947406ab27f7af67ee9456e6b84854f02dd6
  languageName: node
  linkType: hard

"yoga-wasm-web@npm:~0.3.3":
  version: 0.3.3
  resolution: "yoga-wasm-web@npm:0.3.3"
  checksum: ff65192a832975ff531a1b6eae160c2da859c250feaa58b6389b684f9b48f53fda849a7ea49d12d241198309e671e6bd230a44e7155af9573d7843ac48831c98
  languageName: node
  linkType: hard
